
Microsoft Visual Studio Solution File, Format Version 12.00
# Visual Studio 14
VisualStudioVersion = 14.0.25420.1
MinimumVisualStudioVersion = 10.0.40219.1
Project("{FAE04EC0-301F-11D3-BF4B-00C04F79EFBC}") = "Repsaj.Submerged.GatewayApp", "Repsaj.Submerged.GatewayApp\Repsaj.Submerged.GatewayApp.csproj", "{34D395DD-400E-4DC9-9183-2CB43C29A37D}"
EndProject
Project("{FAE04EC0-301F-11D3-BF4B-00C04F79EFBC}") = "Repsaj.Submerged.Gateway.Universal", "Repsaj.Submerged.Gateway.Univeral\Repsaj.Submerged.Gateway.Universal.csproj", "{076A30E5-58BE-4D13-8D82-2C7BB88F15E9}"
EndProject
Project("{FAE04EC0-301F-11D3-BF4B-00C04F79EFBC}") = "Repsaj.Submerged.Gateway.Common", "Repsaj.Submerged.Gateway.Common\Repsaj.Submerged.Gateway.Common.csproj", "{A77A4766-F73E-40D9-BE28-6F94E5DBBBA7}"
EndProject
Project("{FAE04EC0-301F-11D3-BF4B-00C04F79EFBC}") = "Repsaj.Submerged.Gateway.Tests", "Repsaj.Submerged.Gateway.Tests\Repsaj.Submerged.Gateway.Tests.csproj", "{8BA2B19E-2EEE-4620-BFAA-9D5D24AFC2B4}"
EndProject
Project("{8BC9CEB8-8B4A-11D0-8D11-00A0C91BC942}") = "Microsoft.Maker.Firmata", "remote-wiring\Microsoft.Maker.win10\Microsoft.Maker.Firmata\Microsoft.Maker.Firmata.vcxproj", "{F0A53BC9-C617-47DD-8B68-F91E3502D633}"
EndProject
Project("{8BC9CEB8-8B4A-11D0-8D11-00A0C91BC942}") = "Microsoft.Maker.RemoteWiring", "remote-wiring\Microsoft.Maker.win10\Microsoft.Maker.RemoteWiring\Microsoft.Maker.RemoteWiring.vcxproj", "{5A8B1BB1-7CD5-47C4-A1F7-D7BCF5FACAD1}"
EndProject
Project("{8BC9CEB8-8B4A-11D0-8D11-00A0C91BC942}") = "Microsoft.Maker.Serial", "remote-wiring\source\Serial\Microsoft.Maker.Serial.win10\Microsoft.Maker.Serial.vcxproj", "{8376216C-282A-4927-B9EF-C2D545FE0BCA}"
EndProject
Global
	GlobalSection(SolutionConfigurationPlatforms) = preSolution
		Debug|Any CPU = Debug|Any CPU
		Debug|ARM = Debug|ARM
		Debug|x64 = Debug|x64
		Debug|x86 = Debug|x86
		Release|Any CPU = Release|Any CPU
		Release|ARM = Release|ARM
		Release|x64 = Release|x64
		Release|x86 = Release|x86
	EndGlobalSection
	GlobalSection(ProjectConfigurationPlatforms) = postSolution
		{34D395DD-400E-4DC9-9183-2CB43C29A37D}.Debug|Any CPU.ActiveCfg = Debug|Any CPU
		{34D395DD-400E-4DC9-9183-2CB43C29A37D}.Debug|Any CPU.Build.0 = Debug|Any CPU
		{34D395DD-400E-4DC9-9183-2CB43C29A37D}.Debug|Any CPU.Deploy.0 = Debug|Any CPU
		{34D395DD-400E-4DC9-9183-2CB43C29A37D}.Debug|ARM.ActiveCfg = Debug|ARM
		{34D395DD-400E-4DC9-9183-2CB43C29A37D}.Debug|ARM.Build.0 = Debug|ARM
		{34D395DD-400E-4DC9-9183-2CB43C29A37D}.Debug|ARM.Deploy.0 = Debug|ARM
		{34D395DD-400E-4DC9-9183-2CB43C29A37D}.Debug|x64.ActiveCfg = Debug|x64
		{34D395DD-400E-4DC9-9183-2CB43C29A37D}.Debug|x64.Build.0 = Debug|x64
		{34D395DD-400E-4DC9-9183-2CB43C29A37D}.Debug|x64.Deploy.0 = Debug|x64
		{34D395DD-400E-4DC9-9183-2CB43C29A37D}.Debug|x86.ActiveCfg = Debug|x86
		{34D395DD-400E-4DC9-9183-2CB43C29A37D}.Debug|x86.Build.0 = Debug|x86
		{34D395DD-400E-4DC9-9183-2CB43C29A37D}.Debug|x86.Deploy.0 = Debug|x86
		{34D395DD-400E-4DC9-9183-2CB43C29A37D}.Release|Any CPU.ActiveCfg = Release|x86
		{34D395DD-400E-4DC9-9183-2CB43C29A37D}.Release|ARM.ActiveCfg = Release|ARM
		{34D395DD-400E-4DC9-9183-2CB43C29A37D}.Release|ARM.Build.0 = Release|ARM
		{34D395DD-400E-4DC9-9183-2CB43C29A37D}.Release|ARM.Deploy.0 = Release|ARM
		{34D395DD-400E-4DC9-9183-2CB43C29A37D}.Release|x64.ActiveCfg = Release|x64
		{34D395DD-400E-4DC9-9183-2CB43C29A37D}.Release|x64.Build.0 = Release|x64
		{34D395DD-400E-4DC9-9183-2CB43C29A37D}.Release|x64.Deploy.0 = Release|x64
		{34D395DD-400E-4DC9-9183-2CB43C29A37D}.Release|x86.ActiveCfg = Release|x86
		{34D395DD-400E-4DC9-9183-2CB43C29A37D}.Release|x86.Build.0 = Release|x86
		{34D395DD-400E-4DC9-9183-2CB43C29A37D}.Release|x86.Deploy.0 = Release|x86
		{076A30E5-58BE-4D13-8D82-2C7BB88F15E9}.Debug|Any CPU.ActiveCfg = Debug|Any CPU
		{076A30E5-58BE-4D13-8D82-2C7BB88F15E9}.Debug|Any CPU.Build.0 = Debug|Any CPU
		{076A30E5-58BE-4D13-8D82-2C7BB88F15E9}.Debug|ARM.ActiveCfg = Debug|ARM
		{076A30E5-58BE-4D13-8D82-2C7BB88F15E9}.Debug|ARM.Build.0 = Debug|ARM
		{076A30E5-58BE-4D13-8D82-2C7BB88F15E9}.Debug|x64.ActiveCfg = Debug|x64
		{076A30E5-58BE-4D13-8D82-2C7BB88F15E9}.Debug|x64.Build.0 = Debug|x64
		{076A30E5-58BE-4D13-8D82-2C7BB88F15E9}.Debug|x86.ActiveCfg = Debug|x86
		{076A30E5-58BE-4D13-8D82-2C7BB88F15E9}.Debug|x86.Build.0 = Debug|x86
		{076A30E5-58BE-4D13-8D82-2C7BB88F15E9}.Release|Any CPU.ActiveCfg = Release|Any CPU
		{076A30E5-58BE-4D13-8D82-2C7BB88F15E9}.Release|Any CPU.Build.0 = Release|Any CPU
		{076A30E5-58BE-4D13-8D82-2C7BB88F15E9}.Release|ARM.ActiveCfg = Release|ARM
		{076A30E5-58BE-4D13-8D82-2C7BB88F15E9}.Release|ARM.Build.0 = Release|ARM
		{076A30E5-58BE-4D13-8D82-2C7BB88F15E9}.Release|x64.ActiveCfg = Release|x64
		{076A30E5-58BE-4D13-8D82-2C7BB88F15E9}.Release|x64.Build.0 = Release|x64
		{076A30E5-58BE-4D13-8D82-2C7BB88F15E9}.Release|x86.ActiveCfg = Release|x86
		{076A30E5-58BE-4D13-8D82-2C7BB88F15E9}.Release|x86.Build.0 = Release|x86
		{A77A4766-F73E-40D9-BE28-6F94E5DBBBA7}.Debug|Any CPU.ActiveCfg = Debug|Any CPU
		{A77A4766-F73E-40D9-BE28-6F94E5DBBBA7}.Debug|Any CPU.Build.0 = Debug|Any CPU
		{A77A4766-F73E-40D9-BE28-6F94E5DBBBA7}.Debug|ARM.ActiveCfg = Debug|ARM
		{A77A4766-F73E-40D9-BE28-6F94E5DBBBA7}.Debug|ARM.Build.0 = Debug|ARM
		{A77A4766-F73E-40D9-BE28-6F94E5DBBBA7}.Debug|x64.ActiveCfg = Debug|x64
		{A77A4766-F73E-40D9-BE28-6F94E5DBBBA7}.Debug|x64.Build.0 = Debug|x64
		{A77A4766-F73E-40D9-BE28-6F94E5DBBBA7}.Debug|x86.ActiveCfg = Debug|x86
		{A77A4766-F73E-40D9-BE28-6F94E5DBBBA7}.Debug|x86.Build.0 = Debug|x86
		{A77A4766-F73E-40D9-BE28-6F94E5DBBBA7}.Release|Any CPU.ActiveCfg = Release|Any CPU
		{A77A4766-F73E-40D9-BE28-6F94E5DBBBA7}.Release|Any CPU.Build.0 = Release|Any CPU
		{A77A4766-F73E-40D9-BE28-6F94E5DBBBA7}.Release|ARM.ActiveCfg = Release|ARM
		{A77A4766-F73E-40D9-BE28-6F94E5DBBBA7}.Release|ARM.Build.0 = Release|ARM
		{A77A4766-F73E-40D9-BE28-6F94E5DBBBA7}.Release|x64.ActiveCfg = Release|x64
		{A77A4766-F73E-40D9-BE28-6F94E5DBBBA7}.Release|x64.Build.0 = Release|x64
		{A77A4766-F73E-40D9-BE28-6F94E5DBBBA7}.Release|x86.ActiveCfg = Release|x86
		{A77A4766-F73E-40D9-BE28-6F94E5DBBBA7}.Release|x86.Build.0 = Release|x86
		{8BA2B19E-2EEE-4620-BFAA-9D5D24AFC2B4}.Debug|Any CPU.ActiveCfg = Debug|x86
		{8BA2B19E-2EEE-4620-BFAA-9D5D24AFC2B4}.Debug|ARM.ActiveCfg = Debug|ARM
		{8BA2B19E-2EEE-4620-BFAA-9D5D24AFC2B4}.Debug|ARM.Build.0 = Debug|ARM
		{8BA2B19E-2EEE-4620-BFAA-9D5D24AFC2B4}.Debug|ARM.Deploy.0 = Debug|ARM
		{8BA2B19E-2EEE-4620-BFAA-9D5D24AFC2B4}.Debug|x64.ActiveCfg = Debug|x64
		{8BA2B19E-2EEE-4620-BFAA-9D5D24AFC2B4}.Debug|x64.Build.0 = Debug|x64
		{8BA2B19E-2EEE-4620-BFAA-9D5D24AFC2B4}.Debug|x64.Deploy.0 = Debug|x64
		{8BA2B19E-2EEE-4620-BFAA-9D5D24AFC2B4}.Debug|x86.ActiveCfg = Debug|x86
		{8BA2B19E-2EEE-4620-BFAA-9D5D24AFC2B4}.Debug|x86.Build.0 = Debug|x86
		{8BA2B19E-2EEE-4620-BFAA-9D5D24AFC2B4}.Debug|x86.Deploy.0 = Debug|x86
		{8BA2B19E-2EEE-4620-BFAA-9D5D24AFC2B4}.Release|Any CPU.ActiveCfg = Release|x86
		{8BA2B19E-2EEE-4620-BFAA-9D5D24AFC2B4}.Release|ARM.ActiveCfg = Release|ARM
		{8BA2B19E-2EEE-4620-BFAA-9D5D24AFC2B4}.Release|ARM.Build.0 = Release|ARM
		{8BA2B19E-2EEE-4620-BFAA-9D5D24AFC2B4}.Release|ARM.Deploy.0 = Release|ARM
		{8BA2B19E-2EEE-4620-BFAA-9D5D24AFC2B4}.Release|x64.ActiveCfg = Release|x64
		{8BA2B19E-2EEE-4620-BFAA-9D5D24AFC2B4}.Release|x64.Build.0 = Release|x64
		{8BA2B19E-2EEE-4620-BFAA-9D5D24AFC2B4}.Release|x64.Deploy.0 = Release|x64
		{8BA2B19E-2EEE-4620-BFAA-9D5D24AFC2B4}.Release|x86.ActiveCfg = Release|x86
		{8BA2B19E-2EEE-4620-BFAA-9D5D24AFC2B4}.Release|x86.Build.0 = Release|x86
		{8BA2B19E-2EEE-4620-BFAA-9D5D24AFC2B4}.Release|x86.Deploy.0 = Release|x86
		{F0A53BC9-C617-47DD-8B68-F91E3502D633}.Debug|Any CPU.ActiveCfg = Debug|Win32
		{F0A53BC9-C617-47DD-8B68-F91E3502D633}.Debug|ARM.ActiveCfg = Debug|ARM
		{F0A53BC9-C617-47DD-8B68-F91E3502D633}.Debug|ARM.Build.0 = Debug|ARM
		{F0A53BC9-C617-47DD-8B68-F91E3502D633}.Debug|x64.ActiveCfg = Debug|x64
		{F0A53BC9-C617-47DD-8B68-F91E3502D633}.Debug|x64.Build.0 = Debug|x64
		{F0A53BC9-C617-47DD-8B68-F91E3502D633}.Debug|x86.ActiveCfg = Debug|Win32
		{F0A53BC9-C617-47DD-8B68-F91E3502D633}.Release|Any CPU.ActiveCfg = Release|Win32
		{F0A53BC9-C617-47DD-8B68-F91E3502D633}.Release|ARM.ActiveCfg = Release|ARM
		{F0A53BC9-C617-47DD-8B68-F91E3502D633}.Release|ARM.Build.0 = Release|ARM
		{F0A53BC9-C617-47DD-8B68-F91E3502D633}.Release|x64.ActiveCfg = Release|x64
		{F0A53BC9-C617-47DD-8B68-F91E3502D633}.Release|x64.Build.0 = Release|x64
		{F0A53BC9-C617-47DD-8B68-F91E3502D633}.Release|x86.ActiveCfg = Release|Win32
		{F0A53BC9-C617-47DD-8B68-F91E3502D633}.Release|x86.Build.0 = Release|Win32
		{5A8B1BB1-7CD5-47C4-A1F7-D7BCF5FACAD1}.Debug|Any CPU.ActiveCfg = Debug|Win32
		{5A8B1BB1-7CD5-47C4-A1F7-D7BCF5FACAD1}.Debug|ARM.ActiveCfg = Debug|ARM
		{5A8B1BB1-7CD5-47C4-A1F7-D7BCF5FACAD1}.Debug|ARM.Build.0 = Debug|ARM
		{5A8B1BB1-7CD5-47C4-A1F7-D7BCF5FACAD1}.Debug|x64.ActiveCfg = Debug|x64
		{5A8B1BB1-7CD5-47C4-A1F7-D7BCF5FACAD1}.Debug|x64.Build.0 = Debug|x64
		{5A8B1BB1-7CD5-47C4-A1F7-D7BCF5FACAD1}.Debug|x86.ActiveCfg = Debug|Win32
		{5A8B1BB1-7CD5-47C4-A1F7-D7BCF5FACAD1}.Release|Any CPU.ActiveCfg = Release|Win32
		{5A8B1BB1-7CD5-47C4-A1F7-D7BCF5FACAD1}.Release|ARM.ActiveCfg = Release|ARM
		{5A8B1BB1-7CD5-47C4-A1F7-D7BCF5FACAD1}.Release|ARM.Build.0 = Release|ARM
		{5A8B1BB1-7CD5-47C4-A1F7-D7BCF5FACAD1}.Release|x64.ActiveCfg = Release|x64
		{5A8B1BB1-7CD5-47C4-A1F7-D7BCF5FACAD1}.Release|x64.Build.0 = Release|x64
		{5A8B1BB1-7CD5-47C4-A1F7-D7BCF5FACAD1}.Release|x86.ActiveCfg = Release|Win32
		{5A8B1BB1-7CD5-47C4-A1F7-D7BCF5FACAD1}.Release|x86.Build.0 = Release|Win32
		{8376216C-282A-4927-B9EF-C2D545FE0BCA}.Debug|Any CPU.ActiveCfg = Debug|Win32
		{8376216C-282A-4927-B9EF-C2D545FE0BCA}.Debug|ARM.ActiveCfg = Debug|ARM
		{8376216C-282A-4927-B9EF-C2D545FE0BCA}.Debug|ARM.Build.0 = Debug|ARM
		{8376216C-282A-4927-B9EF-C2D545FE0BCA}.Debug|x64.ActiveCfg = Debug|x64
		{8376216C-282A-4927-B9EF-C2D545FE0BCA}.Debug|x64.Build.0 = Debug|x64
		{8376216C-282A-4927-B9EF-C2D545FE0BCA}.Debug|x86.ActiveCfg = Debug|Win32
		{8376216C-282A-4927-B9EF-C2D545FE0BCA}.Release|Any CPU.ActiveCfg = Release|Win32
		{8376216C-282A-4927-B9EF-C2D545FE0BCA}.Release|ARM.ActiveCfg = Release|ARM
		{8376216C-282A-4927-B9EF-C2D545FE0BCA}.Release|ARM.Build.0 = Release|ARM
		{8376216C-282A-4927-B9EF-C2D545FE0BCA}.Release|x64.ActiveCfg = Release|x64
		{8376216C-282A-4927-B9EF-C2D545FE0BCA}.Release|x64.Build.0 = Release|x64
		{8376216C-282A-4927-B9EF-C2D545FE0BCA}.Release|x86.ActiveCfg = Release|Win32
		{8376216C-282A-4927-B9EF-C2D545FE0BCA}.Release|x86.Build.0 = Release|Win32
	EndGlobalSection
	GlobalSection(SolutionProperties) = preSolution
		HideSolutionNode = FALSE
	EndGlobalSection
EndGlobal
