
Microsoft Visual Studio Solution File, Format Version 12.00
# Visual Studio 14
VisualStudioVersion = 14.0.25123.0
MinimumVisualStudioVersion = 10.0.40219.1
Project("{FAE04EC0-301F-11D3-BF4B-00C04F79EFBC}") = "Repsaj.Submerged.API.Infrastructure", "Repsaj.Submerged.API.Infrastructure\Repsaj.Submerged.API.Infrastructure.csproj", "{5B0420D2-1893-4391-9A9F-3FB13CFB236F}"
EndProject
Project("{FAE04EC0-301F-11D3-BF4B-00C04F79EFBC}") = "Repsaj.Submerged.API.WebAPI", "Repsaj.Submerged.API.WebAPI\Repsaj.Submerged.API.WebAPI.csproj", "{636FFAB9-D053-49A9-A974-6E9403746749}"
EndProject
Project("{FAE04EC0-301F-11D3-BF4B-00C04F79EFBC}") = "Repsaj.Submerged.API.Tests", "Repsaj.Submerged.API.Tests\Repsaj.Submerged.API.Tests.csproj", "{6E6AD75A-6742-4860-8F97-279D59691879}"
EndProject
Project("{FAE04EC0-301F-11D3-BF4B-00C04F79EFBC}") = "Repsaj.Submerged.API.Common", "Repsaj.Submerged.API.Common\Repsaj.Submerged.API.Common.csproj", "{7705E5B7-DC81-4756-B761-FD83EDC8C0F3}"
EndProject
Project("{FAE04EC0-301F-11D3-BF4B-00C04F79EFBC}") = "Repsaj.Submerged.API.SimulatedDevice", "Repsaj.Submerged.API.SimulatedDevice\Repsaj.Submerged.API.SimulatedDevice.csproj", "{1B9B16C2-7ACF-46BF-8AA8-3C0ECFA87676}"
EndProject
Global
	GlobalSection(SolutionConfigurationPlatforms) = preSolution
		API|Android = API|Android
		API|Any CPU = API|Any CPU
		API|ARM = API|ARM
		API|iOS = API|iOS
		API|Windows Phone (Universal) = API|Windows Phone (Universal)
		API|Windows Phone 8 = API|Windows Phone 8
		API|Windows-AnyCPU = API|Windows-AnyCPU
		API|Windows-ARM = API|Windows-ARM
		API|Windows-x64 = API|Windows-x64
		API|Windows-x86 = API|Windows-x86
		API|x64 = API|x64
		API|x86 = API|x86
		Debug - Raspberry|Android = Debug - Raspberry|Android
		Debug - Raspberry|Any CPU = Debug - Raspberry|Any CPU
		Debug - Raspberry|ARM = Debug - Raspberry|ARM
		Debug - Raspberry|iOS = Debug - Raspberry|iOS
		Debug - Raspberry|Windows Phone (Universal) = Debug - Raspberry|Windows Phone (Universal)
		Debug - Raspberry|Windows Phone 8 = Debug - Raspberry|Windows Phone 8
		Debug - Raspberry|Windows-AnyCPU = Debug - Raspberry|Windows-AnyCPU
		Debug - Raspberry|Windows-ARM = Debug - Raspberry|Windows-ARM
		Debug - Raspberry|Windows-x64 = Debug - Raspberry|Windows-x64
		Debug - Raspberry|Windows-x86 = Debug - Raspberry|Windows-x86
		Debug - Raspberry|x64 = Debug - Raspberry|x64
		Debug - Raspberry|x86 = Debug - Raspberry|x86
		Debug|Android = Debug|Android
		Debug|Any CPU = Debug|Any CPU
		Debug|ARM = Debug|ARM
		Debug|iOS = Debug|iOS
		Debug|Windows Phone (Universal) = Debug|Windows Phone (Universal)
		Debug|Windows Phone 8 = Debug|Windows Phone 8
		Debug|Windows-AnyCPU = Debug|Windows-AnyCPU
		Debug|Windows-ARM = Debug|Windows-ARM
		Debug|Windows-x64 = Debug|Windows-x64
		Debug|Windows-x86 = Debug|Windows-x86
		Debug|x64 = Debug|x64
		Debug|x86 = Debug|x86
		MobileApp|Android = MobileApp|Android
		MobileApp|Any CPU = MobileApp|Any CPU
		MobileApp|ARM = MobileApp|ARM
		MobileApp|iOS = MobileApp|iOS
		MobileApp|Windows Phone (Universal) = MobileApp|Windows Phone (Universal)
		MobileApp|Windows Phone 8 = MobileApp|Windows Phone 8
		MobileApp|Windows-AnyCPU = MobileApp|Windows-AnyCPU
		MobileApp|Windows-ARM = MobileApp|Windows-ARM
		MobileApp|Windows-x64 = MobileApp|Windows-x64
		MobileApp|Windows-x86 = MobileApp|Windows-x86
		MobileApp|x64 = MobileApp|x64
		MobileApp|x86 = MobileApp|x86
		Release|Android = Release|Android
		Release|Any CPU = Release|Any CPU
		Release|ARM = Release|ARM
		Release|iOS = Release|iOS
		Release|Windows Phone (Universal) = Release|Windows Phone (Universal)
		Release|Windows Phone 8 = Release|Windows Phone 8
		Release|Windows-AnyCPU = Release|Windows-AnyCPU
		Release|Windows-ARM = Release|Windows-ARM
		Release|Windows-x64 = Release|Windows-x64
		Release|Windows-x86 = Release|Windows-x86
		Release|x64 = Release|x64
		Release|x86 = Release|x86
	EndGlobalSection
	GlobalSection(ProjectConfigurationPlatforms) = postSolution
		{5B0420D2-1893-4391-9A9F-3FB13CFB236F}.API|Android.ActiveCfg = API|Any CPU
		{5B0420D2-1893-4391-9A9F-3FB13CFB236F}.API|Android.Build.0 = API|Any CPU
		{5B0420D2-1893-4391-9A9F-3FB13CFB236F}.API|Any CPU.ActiveCfg = API|Any CPU
		{5B0420D2-1893-4391-9A9F-3FB13CFB236F}.API|Any CPU.Build.0 = API|Any CPU
		{5B0420D2-1893-4391-9A9F-3FB13CFB236F}.API|ARM.ActiveCfg = API|Any CPU
		{5B0420D2-1893-4391-9A9F-3FB13CFB236F}.API|ARM.Build.0 = API|Any CPU
		{5B0420D2-1893-4391-9A9F-3FB13CFB236F}.API|iOS.ActiveCfg = API|Any CPU
		{5B0420D2-1893-4391-9A9F-3FB13CFB236F}.API|iOS.Build.0 = API|Any CPU
		{5B0420D2-1893-4391-9A9F-3FB13CFB236F}.API|Windows Phone (Universal).ActiveCfg = API|Any CPU
		{5B0420D2-1893-4391-9A9F-3FB13CFB236F}.API|Windows Phone (Universal).Build.0 = API|Any CPU
		{5B0420D2-1893-4391-9A9F-3FB13CFB236F}.API|Windows Phone 8.ActiveCfg = API|Any CPU
		{5B0420D2-1893-4391-9A9F-3FB13CFB236F}.API|Windows Phone 8.Build.0 = API|Any CPU
		{5B0420D2-1893-4391-9A9F-3FB13CFB236F}.API|Windows-AnyCPU.ActiveCfg = API|Any CPU
		{5B0420D2-1893-4391-9A9F-3FB13CFB236F}.API|Windows-AnyCPU.Build.0 = API|Any CPU
		{5B0420D2-1893-4391-9A9F-3FB13CFB236F}.API|Windows-ARM.ActiveCfg = API|Any CPU
		{5B0420D2-1893-4391-9A9F-3FB13CFB236F}.API|Windows-ARM.Build.0 = API|Any CPU
		{5B0420D2-1893-4391-9A9F-3FB13CFB236F}.API|Windows-x64.ActiveCfg = API|Any CPU
		{5B0420D2-1893-4391-9A9F-3FB13CFB236F}.API|Windows-x64.Build.0 = API|Any CPU
		{5B0420D2-1893-4391-9A9F-3FB13CFB236F}.API|Windows-x86.ActiveCfg = API|Any CPU
		{5B0420D2-1893-4391-9A9F-3FB13CFB236F}.API|Windows-x86.Build.0 = API|Any CPU
		{5B0420D2-1893-4391-9A9F-3FB13CFB236F}.API|x64.ActiveCfg = API|Any CPU
		{5B0420D2-1893-4391-9A9F-3FB13CFB236F}.API|x64.Build.0 = API|Any CPU
		{5B0420D2-1893-4391-9A9F-3FB13CFB236F}.API|x86.ActiveCfg = API|Any CPU
		{5B0420D2-1893-4391-9A9F-3FB13CFB236F}.API|x86.Build.0 = API|Any CPU
		{5B0420D2-1893-4391-9A9F-3FB13CFB236F}.Debug - Raspberry|Android.ActiveCfg = Debug - Raspberry|Any CPU
		{5B0420D2-1893-4391-9A9F-3FB13CFB236F}.Debug - Raspberry|Android.Build.0 = Debug - Raspberry|Any CPU
		{5B0420D2-1893-4391-9A9F-3FB13CFB236F}.Debug - Raspberry|Any CPU.ActiveCfg = Debug - Raspberry|Any CPU
		{5B0420D2-1893-4391-9A9F-3FB13CFB236F}.Debug - Raspberry|Any CPU.Build.0 = Debug - Raspberry|Any CPU
		{5B0420D2-1893-4391-9A9F-3FB13CFB236F}.Debug - Raspberry|ARM.ActiveCfg = Debug - Raspberry|Any CPU
		{5B0420D2-1893-4391-9A9F-3FB13CFB236F}.Debug - Raspberry|ARM.Build.0 = Debug - Raspberry|Any CPU
		{5B0420D2-1893-4391-9A9F-3FB13CFB236F}.Debug - Raspberry|iOS.ActiveCfg = Debug - Raspberry|Any CPU
		{5B0420D2-1893-4391-9A9F-3FB13CFB236F}.Debug - Raspberry|iOS.Build.0 = Debug - Raspberry|Any CPU
		{5B0420D2-1893-4391-9A9F-3FB13CFB236F}.Debug - Raspberry|Windows Phone (Universal).ActiveCfg = Debug - Raspberry|Any CPU
		{5B0420D2-1893-4391-9A9F-3FB13CFB236F}.Debug - Raspberry|Windows Phone (Universal).Build.0 = Debug - Raspberry|Any CPU
		{5B0420D2-1893-4391-9A9F-3FB13CFB236F}.Debug - Raspberry|Windows Phone 8.ActiveCfg = Debug - Raspberry|Any CPU
		{5B0420D2-1893-4391-9A9F-3FB13CFB236F}.Debug - Raspberry|Windows Phone 8.Build.0 = Debug - Raspberry|Any CPU
		{5B0420D2-1893-4391-9A9F-3FB13CFB236F}.Debug - Raspberry|Windows-AnyCPU.ActiveCfg = Debug - Raspberry|Any CPU
		{5B0420D2-1893-4391-9A9F-3FB13CFB236F}.Debug - Raspberry|Windows-AnyCPU.Build.0 = Debug - Raspberry|Any CPU
		{5B0420D2-1893-4391-9A9F-3FB13CFB236F}.Debug - Raspberry|Windows-ARM.ActiveCfg = Debug - Raspberry|Any CPU
		{5B0420D2-1893-4391-9A9F-3FB13CFB236F}.Debug - Raspberry|Windows-ARM.Build.0 = Debug - Raspberry|Any CPU
		{5B0420D2-1893-4391-9A9F-3FB13CFB236F}.Debug - Raspberry|Windows-x64.ActiveCfg = Debug - Raspberry|Any CPU
		{5B0420D2-1893-4391-9A9F-3FB13CFB236F}.Debug - Raspberry|Windows-x64.Build.0 = Debug - Raspberry|Any CPU
		{5B0420D2-1893-4391-9A9F-3FB13CFB236F}.Debug - Raspberry|Windows-x86.ActiveCfg = Debug - Raspberry|Any CPU
		{5B0420D2-1893-4391-9A9F-3FB13CFB236F}.Debug - Raspberry|Windows-x86.Build.0 = Debug - Raspberry|Any CPU
		{5B0420D2-1893-4391-9A9F-3FB13CFB236F}.Debug - Raspberry|x64.ActiveCfg = Debug - Raspberry|Any CPU
		{5B0420D2-1893-4391-9A9F-3FB13CFB236F}.Debug - Raspberry|x64.Build.0 = Debug - Raspberry|Any CPU
		{5B0420D2-1893-4391-9A9F-3FB13CFB236F}.Debug - Raspberry|x86.ActiveCfg = Debug - Raspberry|Any CPU
		{5B0420D2-1893-4391-9A9F-3FB13CFB236F}.Debug - Raspberry|x86.Build.0 = Debug - Raspberry|Any CPU
		{5B0420D2-1893-4391-9A9F-3FB13CFB236F}.Debug|Android.ActiveCfg = Debug|Any CPU
		{5B0420D2-1893-4391-9A9F-3FB13CFB236F}.Debug|Android.Build.0 = Debug|Any CPU
		{5B0420D2-1893-4391-9A9F-3FB13CFB236F}.Debug|Any CPU.ActiveCfg = Debug|Any CPU
		{5B0420D2-1893-4391-9A9F-3FB13CFB236F}.Debug|Any CPU.Build.0 = Debug|Any CPU
		{5B0420D2-1893-4391-9A9F-3FB13CFB236F}.Debug|ARM.ActiveCfg = Debug|Any CPU
		{5B0420D2-1893-4391-9A9F-3FB13CFB236F}.Debug|ARM.Build.0 = Debug|Any CPU
		{5B0420D2-1893-4391-9A9F-3FB13CFB236F}.Debug|iOS.ActiveCfg = Debug|Any CPU
		{5B0420D2-1893-4391-9A9F-3FB13CFB236F}.Debug|iOS.Build.0 = Debug|Any CPU
		{5B0420D2-1893-4391-9A9F-3FB13CFB236F}.Debug|Windows Phone (Universal).ActiveCfg = Debug|Any CPU
		{5B0420D2-1893-4391-9A9F-3FB13CFB236F}.Debug|Windows Phone (Universal).Build.0 = Debug|Any CPU
		{5B0420D2-1893-4391-9A9F-3FB13CFB236F}.Debug|Windows Phone 8.ActiveCfg = Debug|Any CPU
		{5B0420D2-1893-4391-9A9F-3FB13CFB236F}.Debug|Windows Phone 8.Build.0 = Debug|Any CPU
		{5B0420D2-1893-4391-9A9F-3FB13CFB236F}.Debug|Windows-AnyCPU.ActiveCfg = Debug|Any CPU
		{5B0420D2-1893-4391-9A9F-3FB13CFB236F}.Debug|Windows-AnyCPU.Build.0 = Debug|Any CPU
		{5B0420D2-1893-4391-9A9F-3FB13CFB236F}.Debug|Windows-ARM.ActiveCfg = Debug|Any CPU
		{5B0420D2-1893-4391-9A9F-3FB13CFB236F}.Debug|Windows-ARM.Build.0 = Debug|Any CPU
		{5B0420D2-1893-4391-9A9F-3FB13CFB236F}.Debug|Windows-x64.ActiveCfg = Debug|Any CPU
		{5B0420D2-1893-4391-9A9F-3FB13CFB236F}.Debug|Windows-x64.Build.0 = Debug|Any CPU
		{5B0420D2-1893-4391-9A9F-3FB13CFB236F}.Debug|Windows-x86.ActiveCfg = Debug|Any CPU
		{5B0420D2-1893-4391-9A9F-3FB13CFB236F}.Debug|Windows-x86.Build.0 = Debug|Any CPU
		{5B0420D2-1893-4391-9A9F-3FB13CFB236F}.Debug|x64.ActiveCfg = Debug|Any CPU
		{5B0420D2-1893-4391-9A9F-3FB13CFB236F}.Debug|x64.Build.0 = Debug|Any CPU
		{5B0420D2-1893-4391-9A9F-3FB13CFB236F}.Debug|x86.ActiveCfg = Debug|Any CPU
		{5B0420D2-1893-4391-9A9F-3FB13CFB236F}.Debug|x86.Build.0 = Debug|Any CPU
		{5B0420D2-1893-4391-9A9F-3FB13CFB236F}.MobileApp|Android.ActiveCfg = MobileApp|Any CPU
		{5B0420D2-1893-4391-9A9F-3FB13CFB236F}.MobileApp|Android.Build.0 = MobileApp|Any CPU
		{5B0420D2-1893-4391-9A9F-3FB13CFB236F}.MobileApp|Any CPU.ActiveCfg = MobileApp|Any CPU
		{5B0420D2-1893-4391-9A9F-3FB13CFB236F}.MobileApp|Any CPU.Build.0 = MobileApp|Any CPU
		{5B0420D2-1893-4391-9A9F-3FB13CFB236F}.MobileApp|ARM.ActiveCfg = MobileApp|Any CPU
		{5B0420D2-1893-4391-9A9F-3FB13CFB236F}.MobileApp|ARM.Build.0 = MobileApp|Any CPU
		{5B0420D2-1893-4391-9A9F-3FB13CFB236F}.MobileApp|iOS.ActiveCfg = MobileApp|Any CPU
		{5B0420D2-1893-4391-9A9F-3FB13CFB236F}.MobileApp|iOS.Build.0 = MobileApp|Any CPU
		{5B0420D2-1893-4391-9A9F-3FB13CFB236F}.MobileApp|Windows Phone (Universal).ActiveCfg = MobileApp|Any CPU
		{5B0420D2-1893-4391-9A9F-3FB13CFB236F}.MobileApp|Windows Phone (Universal).Build.0 = MobileApp|Any CPU
		{5B0420D2-1893-4391-9A9F-3FB13CFB236F}.MobileApp|Windows Phone 8.ActiveCfg = MobileApp|Any CPU
		{5B0420D2-1893-4391-9A9F-3FB13CFB236F}.MobileApp|Windows Phone 8.Build.0 = MobileApp|Any CPU
		{5B0420D2-1893-4391-9A9F-3FB13CFB236F}.MobileApp|Windows-AnyCPU.ActiveCfg = MobileApp|Any CPU
		{5B0420D2-1893-4391-9A9F-3FB13CFB236F}.MobileApp|Windows-AnyCPU.Build.0 = MobileApp|Any CPU
		{5B0420D2-1893-4391-9A9F-3FB13CFB236F}.MobileApp|Windows-ARM.ActiveCfg = MobileApp|Any CPU
		{5B0420D2-1893-4391-9A9F-3FB13CFB236F}.MobileApp|Windows-ARM.Build.0 = MobileApp|Any CPU
		{5B0420D2-1893-4391-9A9F-3FB13CFB236F}.MobileApp|Windows-x64.ActiveCfg = MobileApp|Any CPU
		{5B0420D2-1893-4391-9A9F-3FB13CFB236F}.MobileApp|Windows-x64.Build.0 = MobileApp|Any CPU
		{5B0420D2-1893-4391-9A9F-3FB13CFB236F}.MobileApp|Windows-x86.ActiveCfg = MobileApp|Any CPU
		{5B0420D2-1893-4391-9A9F-3FB13CFB236F}.MobileApp|Windows-x86.Build.0 = MobileApp|Any CPU
		{5B0420D2-1893-4391-9A9F-3FB13CFB236F}.MobileApp|x64.ActiveCfg = MobileApp|Any CPU
		{5B0420D2-1893-4391-9A9F-3FB13CFB236F}.MobileApp|x64.Build.0 = MobileApp|Any CPU
		{5B0420D2-1893-4391-9A9F-3FB13CFB236F}.MobileApp|x86.ActiveCfg = MobileApp|Any CPU
		{5B0420D2-1893-4391-9A9F-3FB13CFB236F}.MobileApp|x86.Build.0 = MobileApp|Any CPU
		{5B0420D2-1893-4391-9A9F-3FB13CFB236F}.Release|Android.ActiveCfg = Release|Any CPU
		{5B0420D2-1893-4391-9A9F-3FB13CFB236F}.Release|Android.Build.0 = Release|Any CPU
		{5B0420D2-1893-4391-9A9F-3FB13CFB236F}.Release|Any CPU.ActiveCfg = Release|Any CPU
		{5B0420D2-1893-4391-9A9F-3FB13CFB236F}.Release|Any CPU.Build.0 = Release|Any CPU
		{5B0420D2-1893-4391-9A9F-3FB13CFB236F}.Release|ARM.ActiveCfg = Release|Any CPU
		{5B0420D2-1893-4391-9A9F-3FB13CFB236F}.Release|ARM.Build.0 = Release|Any CPU
		{5B0420D2-1893-4391-9A9F-3FB13CFB236F}.Release|iOS.ActiveCfg = Release|Any CPU
		{5B0420D2-1893-4391-9A9F-3FB13CFB236F}.Release|iOS.Build.0 = Release|Any CPU
		{5B0420D2-1893-4391-9A9F-3FB13CFB236F}.Release|Windows Phone (Universal).ActiveCfg = Release|Any CPU
		{5B0420D2-1893-4391-9A9F-3FB13CFB236F}.Release|Windows Phone (Universal).Build.0 = Release|Any CPU
		{5B0420D2-1893-4391-9A9F-3FB13CFB236F}.Release|Windows Phone 8.ActiveCfg = Release|Any CPU
		{5B0420D2-1893-4391-9A9F-3FB13CFB236F}.Release|Windows Phone 8.Build.0 = Release|Any CPU
		{5B0420D2-1893-4391-9A9F-3FB13CFB236F}.Release|Windows-AnyCPU.ActiveCfg = Release|Any CPU
		{5B0420D2-1893-4391-9A9F-3FB13CFB236F}.Release|Windows-AnyCPU.Build.0 = Release|Any CPU
		{5B0420D2-1893-4391-9A9F-3FB13CFB236F}.Release|Windows-ARM.ActiveCfg = Release|Any CPU
		{5B0420D2-1893-4391-9A9F-3FB13CFB236F}.Release|Windows-ARM.Build.0 = Release|Any CPU
		{5B0420D2-1893-4391-9A9F-3FB13CFB236F}.Release|Windows-x64.ActiveCfg = Release|Any CPU
		{5B0420D2-1893-4391-9A9F-3FB13CFB236F}.Release|Windows-x64.Build.0 = Release|Any CPU
		{5B0420D2-1893-4391-9A9F-3FB13CFB236F}.Release|Windows-x86.ActiveCfg = Release|Any CPU
		{5B0420D2-1893-4391-9A9F-3FB13CFB236F}.Release|Windows-x86.Build.0 = Release|Any CPU
		{5B0420D2-1893-4391-9A9F-3FB13CFB236F}.Release|x64.ActiveCfg = Release|Any CPU
		{5B0420D2-1893-4391-9A9F-3FB13CFB236F}.Release|x64.Build.0 = Release|Any CPU
		{5B0420D2-1893-4391-9A9F-3FB13CFB236F}.Release|x86.ActiveCfg = Release|Any CPU
		{5B0420D2-1893-4391-9A9F-3FB13CFB236F}.Release|x86.Build.0 = Release|Any CPU
		{636FFAB9-D053-49A9-A974-6E9403746749}.API|Android.ActiveCfg = API|Any CPU
		{636FFAB9-D053-49A9-A974-6E9403746749}.API|Android.Build.0 = API|Any CPU
		{636FFAB9-D053-49A9-A974-6E9403746749}.API|Any CPU.ActiveCfg = API|Any CPU
		{636FFAB9-D053-49A9-A974-6E9403746749}.API|Any CPU.Build.0 = API|Any CPU
		{636FFAB9-D053-49A9-A974-6E9403746749}.API|ARM.ActiveCfg = API|Any CPU
		{636FFAB9-D053-49A9-A974-6E9403746749}.API|ARM.Build.0 = API|Any CPU
		{636FFAB9-D053-49A9-A974-6E9403746749}.API|iOS.ActiveCfg = API|Any CPU
		{636FFAB9-D053-49A9-A974-6E9403746749}.API|iOS.Build.0 = API|Any CPU
		{636FFAB9-D053-49A9-A974-6E9403746749}.API|Windows Phone (Universal).ActiveCfg = API|Any CPU
		{636FFAB9-D053-49A9-A974-6E9403746749}.API|Windows Phone (Universal).Build.0 = API|Any CPU
		{636FFAB9-D053-49A9-A974-6E9403746749}.API|Windows Phone 8.ActiveCfg = API|Any CPU
		{636FFAB9-D053-49A9-A974-6E9403746749}.API|Windows Phone 8.Build.0 = API|Any CPU
		{636FFAB9-D053-49A9-A974-6E9403746749}.API|Windows-AnyCPU.ActiveCfg = API|Any CPU
		{636FFAB9-D053-49A9-A974-6E9403746749}.API|Windows-AnyCPU.Build.0 = API|Any CPU
		{636FFAB9-D053-49A9-A974-6E9403746749}.API|Windows-ARM.ActiveCfg = API|Any CPU
		{636FFAB9-D053-49A9-A974-6E9403746749}.API|Windows-ARM.Build.0 = API|Any CPU
		{636FFAB9-D053-49A9-A974-6E9403746749}.API|Windows-x64.ActiveCfg = API|Any CPU
		{636FFAB9-D053-49A9-A974-6E9403746749}.API|Windows-x64.Build.0 = API|Any CPU
		{636FFAB9-D053-49A9-A974-6E9403746749}.API|Windows-x86.ActiveCfg = API|Any CPU
		{636FFAB9-D053-49A9-A974-6E9403746749}.API|Windows-x86.Build.0 = API|Any CPU
		{636FFAB9-D053-49A9-A974-6E9403746749}.API|x64.ActiveCfg = API|Any CPU
		{636FFAB9-D053-49A9-A974-6E9403746749}.API|x64.Build.0 = API|Any CPU
		{636FFAB9-D053-49A9-A974-6E9403746749}.API|x86.ActiveCfg = API|Any CPU
		{636FFAB9-D053-49A9-A974-6E9403746749}.API|x86.Build.0 = API|Any CPU
		{636FFAB9-D053-49A9-A974-6E9403746749}.Debug - Raspberry|Android.ActiveCfg = Debug - Raspberry|Any CPU
		{636FFAB9-D053-49A9-A974-6E9403746749}.Debug - Raspberry|Android.Build.0 = Debug - Raspberry|Any CPU
		{636FFAB9-D053-49A9-A974-6E9403746749}.Debug - Raspberry|Any CPU.ActiveCfg = Debug - Raspberry|Any CPU
		{636FFAB9-D053-49A9-A974-6E9403746749}.Debug - Raspberry|Any CPU.Build.0 = Debug - Raspberry|Any CPU
		{636FFAB9-D053-49A9-A974-6E9403746749}.Debug - Raspberry|ARM.ActiveCfg = Debug - Raspberry|Any CPU
		{636FFAB9-D053-49A9-A974-6E9403746749}.Debug - Raspberry|ARM.Build.0 = Debug - Raspberry|Any CPU
		{636FFAB9-D053-49A9-A974-6E9403746749}.Debug - Raspberry|iOS.ActiveCfg = Debug - Raspberry|Any CPU
		{636FFAB9-D053-49A9-A974-6E9403746749}.Debug - Raspberry|iOS.Build.0 = Debug - Raspberry|Any CPU
		{636FFAB9-D053-49A9-A974-6E9403746749}.Debug - Raspberry|Windows Phone (Universal).ActiveCfg = Debug - Raspberry|Any CPU
		{636FFAB9-D053-49A9-A974-6E9403746749}.Debug - Raspberry|Windows Phone (Universal).Build.0 = Debug - Raspberry|Any CPU
		{636FFAB9-D053-49A9-A974-6E9403746749}.Debug - Raspberry|Windows Phone 8.ActiveCfg = Debug - Raspberry|Any CPU
		{636FFAB9-D053-49A9-A974-6E9403746749}.Debug - Raspberry|Windows Phone 8.Build.0 = Debug - Raspberry|Any CPU
		{636FFAB9-D053-49A9-A974-6E9403746749}.Debug - Raspberry|Windows-AnyCPU.ActiveCfg = Debug - Raspberry|Any CPU
		{636FFAB9-D053-49A9-A974-6E9403746749}.Debug - Raspberry|Windows-AnyCPU.Build.0 = Debug - Raspberry|Any CPU
		{636FFAB9-D053-49A9-A974-6E9403746749}.Debug - Raspberry|Windows-ARM.ActiveCfg = Debug - Raspberry|Any CPU
		{636FFAB9-D053-49A9-A974-6E9403746749}.Debug - Raspberry|Windows-ARM.Build.0 = Debug - Raspberry|Any CPU
		{636FFAB9-D053-49A9-A974-6E9403746749}.Debug - Raspberry|Windows-x64.ActiveCfg = Debug - Raspberry|Any CPU
		{636FFAB9-D053-49A9-A974-6E9403746749}.Debug - Raspberry|Windows-x64.Build.0 = Debug - Raspberry|Any CPU
		{636FFAB9-D053-49A9-A974-6E9403746749}.Debug - Raspberry|Windows-x86.ActiveCfg = Debug - Raspberry|Any CPU
		{636FFAB9-D053-49A9-A974-6E9403746749}.Debug - Raspberry|Windows-x86.Build.0 = Debug - Raspberry|Any CPU
		{636FFAB9-D053-49A9-A974-6E9403746749}.Debug - Raspberry|x64.ActiveCfg = Debug - Raspberry|Any CPU
		{636FFAB9-D053-49A9-A974-6E9403746749}.Debug - Raspberry|x64.Build.0 = Debug - Raspberry|Any CPU
		{636FFAB9-D053-49A9-A974-6E9403746749}.Debug - Raspberry|x86.ActiveCfg = Debug - Raspberry|Any CPU
		{636FFAB9-D053-49A9-A974-6E9403746749}.Debug - Raspberry|x86.Build.0 = Debug - Raspberry|Any CPU
		{636FFAB9-D053-49A9-A974-6E9403746749}.Debug|Android.ActiveCfg = Debug|Any CPU
		{636FFAB9-D053-49A9-A974-6E9403746749}.Debug|Android.Build.0 = Debug|Any CPU
		{636FFAB9-D053-49A9-A974-6E9403746749}.Debug|Any CPU.ActiveCfg = Debug|Any CPU
		{636FFAB9-D053-49A9-A974-6E9403746749}.Debug|Any CPU.Build.0 = Debug|Any CPU
		{636FFAB9-D053-49A9-A974-6E9403746749}.Debug|ARM.ActiveCfg = Debug|Any CPU
		{636FFAB9-D053-49A9-A974-6E9403746749}.Debug|ARM.Build.0 = Debug|Any CPU
		{636FFAB9-D053-49A9-A974-6E9403746749}.Debug|iOS.ActiveCfg = Debug|Any CPU
		{636FFAB9-D053-49A9-A974-6E9403746749}.Debug|iOS.Build.0 = Debug|Any CPU
		{636FFAB9-D053-49A9-A974-6E9403746749}.Debug|Windows Phone (Universal).ActiveCfg = Debug|Any CPU
		{636FFAB9-D053-49A9-A974-6E9403746749}.Debug|Windows Phone (Universal).Build.0 = Debug|Any CPU
		{636FFAB9-D053-49A9-A974-6E9403746749}.Debug|Windows Phone 8.ActiveCfg = Debug|Any CPU
		{636FFAB9-D053-49A9-A974-6E9403746749}.Debug|Windows Phone 8.Build.0 = Debug|Any CPU
		{636FFAB9-D053-49A9-A974-6E9403746749}.Debug|Windows-AnyCPU.ActiveCfg = Debug|Any CPU
		{636FFAB9-D053-49A9-A974-6E9403746749}.Debug|Windows-AnyCPU.Build.0 = Debug|Any CPU
		{636FFAB9-D053-49A9-A974-6E9403746749}.Debug|Windows-ARM.ActiveCfg = Debug|Any CPU
		{636FFAB9-D053-49A9-A974-6E9403746749}.Debug|Windows-ARM.Build.0 = Debug|Any CPU
		{636FFAB9-D053-49A9-A974-6E9403746749}.Debug|Windows-x64.ActiveCfg = Debug|Any CPU
		{636FFAB9-D053-49A9-A974-6E9403746749}.Debug|Windows-x64.Build.0 = Debug|Any CPU
		{636FFAB9-D053-49A9-A974-6E9403746749}.Debug|Windows-x86.ActiveCfg = Debug|Any CPU
		{636FFAB9-D053-49A9-A974-6E9403746749}.Debug|Windows-x86.Build.0 = Debug|Any CPU
		{636FFAB9-D053-49A9-A974-6E9403746749}.Debug|x64.ActiveCfg = Debug|Any CPU
		{636FFAB9-D053-49A9-A974-6E9403746749}.Debug|x64.Build.0 = Debug|Any CPU
		{636FFAB9-D053-49A9-A974-6E9403746749}.Debug|x86.ActiveCfg = Debug|Any CPU
		{636FFAB9-D053-49A9-A974-6E9403746749}.Debug|x86.Build.0 = Debug|Any CPU
		{636FFAB9-D053-49A9-A974-6E9403746749}.MobileApp|Android.ActiveCfg = MobileApp|Any CPU
		{636FFAB9-D053-49A9-A974-6E9403746749}.MobileApp|Android.Build.0 = MobileApp|Any CPU
		{636FFAB9-D053-49A9-A974-6E9403746749}.MobileApp|Any CPU.ActiveCfg = MobileApp|Any CPU
		{636FFAB9-D053-49A9-A974-6E9403746749}.MobileApp|Any CPU.Build.0 = MobileApp|Any CPU
		{636FFAB9-D053-49A9-A974-6E9403746749}.MobileApp|ARM.ActiveCfg = MobileApp|Any CPU
		{636FFAB9-D053-49A9-A974-6E9403746749}.MobileApp|ARM.Build.0 = MobileApp|Any CPU
		{636FFAB9-D053-49A9-A974-6E9403746749}.MobileApp|iOS.ActiveCfg = MobileApp|Any CPU
		{636FFAB9-D053-49A9-A974-6E9403746749}.MobileApp|iOS.Build.0 = MobileApp|Any CPU
		{636FFAB9-D053-49A9-A974-6E9403746749}.MobileApp|Windows Phone (Universal).ActiveCfg = MobileApp|Any CPU
		{636FFAB9-D053-49A9-A974-6E9403746749}.MobileApp|Windows Phone (Universal).Build.0 = MobileApp|Any CPU
		{636FFAB9-D053-49A9-A974-6E9403746749}.MobileApp|Windows Phone 8.ActiveCfg = MobileApp|Any CPU
		{636FFAB9-D053-49A9-A974-6E9403746749}.MobileApp|Windows Phone 8.Build.0 = MobileApp|Any CPU
		{636FFAB9-D053-49A9-A974-6E9403746749}.MobileApp|Windows-AnyCPU.ActiveCfg = MobileApp|Any CPU
		{636FFAB9-D053-49A9-A974-6E9403746749}.MobileApp|Windows-AnyCPU.Build.0 = MobileApp|Any CPU
		{636FFAB9-D053-49A9-A974-6E9403746749}.MobileApp|Windows-ARM.ActiveCfg = MobileApp|Any CPU
		{636FFAB9-D053-49A9-A974-6E9403746749}.MobileApp|Windows-ARM.Build.0 = MobileApp|Any CPU
		{636FFAB9-D053-49A9-A974-6E9403746749}.MobileApp|Windows-x64.ActiveCfg = MobileApp|Any CPU
		{636FFAB9-D053-49A9-A974-6E9403746749}.MobileApp|Windows-x64.Build.0 = MobileApp|Any CPU
		{636FFAB9-D053-49A9-A974-6E9403746749}.MobileApp|Windows-x86.ActiveCfg = MobileApp|Any CPU
		{636FFAB9-D053-49A9-A974-6E9403746749}.MobileApp|Windows-x86.Build.0 = MobileApp|Any CPU
		{636FFAB9-D053-49A9-A974-6E9403746749}.MobileApp|x64.ActiveCfg = MobileApp|Any CPU
		{636FFAB9-D053-49A9-A974-6E9403746749}.MobileApp|x64.Build.0 = MobileApp|Any CPU
		{636FFAB9-D053-49A9-A974-6E9403746749}.MobileApp|x86.ActiveCfg = MobileApp|Any CPU
		{636FFAB9-D053-49A9-A974-6E9403746749}.MobileApp|x86.Build.0 = MobileApp|Any CPU
		{636FFAB9-D053-49A9-A974-6E9403746749}.Release|Android.ActiveCfg = Release|Any CPU
		{636FFAB9-D053-49A9-A974-6E9403746749}.Release|Android.Build.0 = Release|Any CPU
		{636FFAB9-D053-49A9-A974-6E9403746749}.Release|Any CPU.ActiveCfg = Release|Any CPU
		{636FFAB9-D053-49A9-A974-6E9403746749}.Release|Any CPU.Build.0 = Release|Any CPU
		{636FFAB9-D053-49A9-A974-6E9403746749}.Release|ARM.ActiveCfg = Release|Any CPU
		{636FFAB9-D053-49A9-A974-6E9403746749}.Release|ARM.Build.0 = Release|Any CPU
		{636FFAB9-D053-49A9-A974-6E9403746749}.Release|iOS.ActiveCfg = Release|Any CPU
		{636FFAB9-D053-49A9-A974-6E9403746749}.Release|iOS.Build.0 = Release|Any CPU
		{636FFAB9-D053-49A9-A974-6E9403746749}.Release|Windows Phone (Universal).ActiveCfg = Release|Any CPU
		{636FFAB9-D053-49A9-A974-6E9403746749}.Release|Windows Phone (Universal).Build.0 = Release|Any CPU
		{636FFAB9-D053-49A9-A974-6E9403746749}.Release|Windows Phone 8.ActiveCfg = Release|Any CPU
		{636FFAB9-D053-49A9-A974-6E9403746749}.Release|Windows Phone 8.Build.0 = Release|Any CPU
		{636FFAB9-D053-49A9-A974-6E9403746749}.Release|Windows-AnyCPU.ActiveCfg = Release|Any CPU
		{636FFAB9-D053-49A9-A974-6E9403746749}.Release|Windows-AnyCPU.Build.0 = Release|Any CPU
		{636FFAB9-D053-49A9-A974-6E9403746749}.Release|Windows-ARM.ActiveCfg = Release|Any CPU
		{636FFAB9-D053-49A9-A974-6E9403746749}.Release|Windows-ARM.Build.0 = Release|Any CPU
		{636FFAB9-D053-49A9-A974-6E9403746749}.Release|Windows-x64.ActiveCfg = Release|Any CPU
		{636FFAB9-D053-49A9-A974-6E9403746749}.Release|Windows-x64.Build.0 = Release|Any CPU
		{636FFAB9-D053-49A9-A974-6E9403746749}.Release|Windows-x86.ActiveCfg = Release|Any CPU
		{636FFAB9-D053-49A9-A974-6E9403746749}.Release|Windows-x86.Build.0 = Release|Any CPU
		{636FFAB9-D053-49A9-A974-6E9403746749}.Release|x64.ActiveCfg = Release|Any CPU
		{636FFAB9-D053-49A9-A974-6E9403746749}.Release|x64.Build.0 = Release|Any CPU
		{636FFAB9-D053-49A9-A974-6E9403746749}.Release|x86.ActiveCfg = Release|Any CPU
		{636FFAB9-D053-49A9-A974-6E9403746749}.Release|x86.Build.0 = Release|Any CPU
		{6E6AD75A-6742-4860-8F97-279D59691879}.API|Android.ActiveCfg = API|Any CPU
		{6E6AD75A-6742-4860-8F97-279D59691879}.API|Android.Build.0 = API|Any CPU
		{6E6AD75A-6742-4860-8F97-279D59691879}.API|Any CPU.ActiveCfg = API|Any CPU
		{6E6AD75A-6742-4860-8F97-279D59691879}.API|Any CPU.Build.0 = API|Any CPU
		{6E6AD75A-6742-4860-8F97-279D59691879}.API|ARM.ActiveCfg = API|Any CPU
		{6E6AD75A-6742-4860-8F97-279D59691879}.API|ARM.Build.0 = API|Any CPU
		{6E6AD75A-6742-4860-8F97-279D59691879}.API|iOS.ActiveCfg = API|Any CPU
		{6E6AD75A-6742-4860-8F97-279D59691879}.API|iOS.Build.0 = API|Any CPU
		{6E6AD75A-6742-4860-8F97-279D59691879}.API|Windows Phone (Universal).ActiveCfg = API|Any CPU
		{6E6AD75A-6742-4860-8F97-279D59691879}.API|Windows Phone (Universal).Build.0 = API|Any CPU
		{6E6AD75A-6742-4860-8F97-279D59691879}.API|Windows Phone 8.ActiveCfg = API|Any CPU
		{6E6AD75A-6742-4860-8F97-279D59691879}.API|Windows Phone 8.Build.0 = API|Any CPU
		{6E6AD75A-6742-4860-8F97-279D59691879}.API|Windows-AnyCPU.ActiveCfg = API|Any CPU
		{6E6AD75A-6742-4860-8F97-279D59691879}.API|Windows-AnyCPU.Build.0 = API|Any CPU
		{6E6AD75A-6742-4860-8F97-279D59691879}.API|Windows-ARM.ActiveCfg = API|Any CPU
		{6E6AD75A-6742-4860-8F97-279D59691879}.API|Windows-ARM.Build.0 = API|Any CPU
		{6E6AD75A-6742-4860-8F97-279D59691879}.API|Windows-x64.ActiveCfg = API|Any CPU
		{6E6AD75A-6742-4860-8F97-279D59691879}.API|Windows-x64.Build.0 = API|Any CPU
		{6E6AD75A-6742-4860-8F97-279D59691879}.API|Windows-x86.ActiveCfg = API|Any CPU
		{6E6AD75A-6742-4860-8F97-279D59691879}.API|Windows-x86.Build.0 = API|Any CPU
		{6E6AD75A-6742-4860-8F97-279D59691879}.API|x64.ActiveCfg = API|Any CPU
		{6E6AD75A-6742-4860-8F97-279D59691879}.API|x64.Build.0 = API|Any CPU
		{6E6AD75A-6742-4860-8F97-279D59691879}.API|x86.ActiveCfg = API|Any CPU
		{6E6AD75A-6742-4860-8F97-279D59691879}.API|x86.Build.0 = API|Any CPU
		{6E6AD75A-6742-4860-8F97-279D59691879}.Debug - Raspberry|Android.ActiveCfg = Debug - Raspberry|Any CPU
		{6E6AD75A-6742-4860-8F97-279D59691879}.Debug - Raspberry|Android.Build.0 = Debug - Raspberry|Any CPU
		{6E6AD75A-6742-4860-8F97-279D59691879}.Debug - Raspberry|Any CPU.ActiveCfg = Debug - Raspberry|Any CPU
		{6E6AD75A-6742-4860-8F97-279D59691879}.Debug - Raspberry|Any CPU.Build.0 = Debug - Raspberry|Any CPU
		{6E6AD75A-6742-4860-8F97-279D59691879}.Debug - Raspberry|ARM.ActiveCfg = Debug - Raspberry|Any CPU
		{6E6AD75A-6742-4860-8F97-279D59691879}.Debug - Raspberry|ARM.Build.0 = Debug - Raspberry|Any CPU
		{6E6AD75A-6742-4860-8F97-279D59691879}.Debug - Raspberry|iOS.ActiveCfg = Debug - Raspberry|Any CPU
		{6E6AD75A-6742-4860-8F97-279D59691879}.Debug - Raspberry|iOS.Build.0 = Debug - Raspberry|Any CPU
		{6E6AD75A-6742-4860-8F97-279D59691879}.Debug - Raspberry|Windows Phone (Universal).ActiveCfg = Debug - Raspberry|Any CPU
		{6E6AD75A-6742-4860-8F97-279D59691879}.Debug - Raspberry|Windows Phone (Universal).Build.0 = Debug - Raspberry|Any CPU
		{6E6AD75A-6742-4860-8F97-279D59691879}.Debug - Raspberry|Windows Phone 8.ActiveCfg = Debug - Raspberry|Any CPU
		{6E6AD75A-6742-4860-8F97-279D59691879}.Debug - Raspberry|Windows Phone 8.Build.0 = Debug - Raspberry|Any CPU
		{6E6AD75A-6742-4860-8F97-279D59691879}.Debug - Raspberry|Windows-AnyCPU.ActiveCfg = Debug - Raspberry|Any CPU
		{6E6AD75A-6742-4860-8F97-279D59691879}.Debug - Raspberry|Windows-AnyCPU.Build.0 = Debug - Raspberry|Any CPU
		{6E6AD75A-6742-4860-8F97-279D59691879}.Debug - Raspberry|Windows-ARM.ActiveCfg = Debug - Raspberry|Any CPU
		{6E6AD75A-6742-4860-8F97-279D59691879}.Debug - Raspberry|Windows-ARM.Build.0 = Debug - Raspberry|Any CPU
		{6E6AD75A-6742-4860-8F97-279D59691879}.Debug - Raspberry|Windows-x64.ActiveCfg = Debug - Raspberry|Any CPU
		{6E6AD75A-6742-4860-8F97-279D59691879}.Debug - Raspberry|Windows-x64.Build.0 = Debug - Raspberry|Any CPU
		{6E6AD75A-6742-4860-8F97-279D59691879}.Debug - Raspberry|Windows-x86.ActiveCfg = Debug - Raspberry|Any CPU
		{6E6AD75A-6742-4860-8F97-279D59691879}.Debug - Raspberry|Windows-x86.Build.0 = Debug - Raspberry|Any CPU
		{6E6AD75A-6742-4860-8F97-279D59691879}.Debug - Raspberry|x64.ActiveCfg = Debug - Raspberry|Any CPU
		{6E6AD75A-6742-4860-8F97-279D59691879}.Debug - Raspberry|x64.Build.0 = Debug - Raspberry|Any CPU
		{6E6AD75A-6742-4860-8F97-279D59691879}.Debug - Raspberry|x86.ActiveCfg = Debug - Raspberry|Any CPU
		{6E6AD75A-6742-4860-8F97-279D59691879}.Debug - Raspberry|x86.Build.0 = Debug - Raspberry|Any CPU
		{6E6AD75A-6742-4860-8F97-279D59691879}.Debug|Android.ActiveCfg = Debug|Any CPU
		{6E6AD75A-6742-4860-8F97-279D59691879}.Debug|Android.Build.0 = Debug|Any CPU
		{6E6AD75A-6742-4860-8F97-279D59691879}.Debug|Any CPU.ActiveCfg = Debug|Any CPU
		{6E6AD75A-6742-4860-8F97-279D59691879}.Debug|Any CPU.Build.0 = Debug|Any CPU
		{6E6AD75A-6742-4860-8F97-279D59691879}.Debug|ARM.ActiveCfg = Debug|Any CPU
		{6E6AD75A-6742-4860-8F97-279D59691879}.Debug|ARM.Build.0 = Debug|Any CPU
		{6E6AD75A-6742-4860-8F97-279D59691879}.Debug|iOS.ActiveCfg = Debug|Any CPU
		{6E6AD75A-6742-4860-8F97-279D59691879}.Debug|iOS.Build.0 = Debug|Any CPU
		{6E6AD75A-6742-4860-8F97-279D59691879}.Debug|Windows Phone (Universal).ActiveCfg = Debug|Any CPU
		{6E6AD75A-6742-4860-8F97-279D59691879}.Debug|Windows Phone (Universal).Build.0 = Debug|Any CPU
		{6E6AD75A-6742-4860-8F97-279D59691879}.Debug|Windows Phone 8.ActiveCfg = Debug|Any CPU
		{6E6AD75A-6742-4860-8F97-279D59691879}.Debug|Windows Phone 8.Build.0 = Debug|Any CPU
		{6E6AD75A-6742-4860-8F97-279D59691879}.Debug|Windows-AnyCPU.ActiveCfg = Debug|Any CPU
		{6E6AD75A-6742-4860-8F97-279D59691879}.Debug|Windows-AnyCPU.Build.0 = Debug|Any CPU
		{6E6AD75A-6742-4860-8F97-279D59691879}.Debug|Windows-ARM.ActiveCfg = Debug|Any CPU
		{6E6AD75A-6742-4860-8F97-279D59691879}.Debug|Windows-ARM.Build.0 = Debug|Any CPU
		{6E6AD75A-6742-4860-8F97-279D59691879}.Debug|Windows-x64.ActiveCfg = Debug|Any CPU
		{6E6AD75A-6742-4860-8F97-279D59691879}.Debug|Windows-x64.Build.0 = Debug|Any CPU
		{6E6AD75A-6742-4860-8F97-279D59691879}.Debug|Windows-x86.ActiveCfg = Debug|Any CPU
		{6E6AD75A-6742-4860-8F97-279D59691879}.Debug|Windows-x86.Build.0 = Debug|Any CPU
		{6E6AD75A-6742-4860-8F97-279D59691879}.Debug|x64.ActiveCfg = Debug|Any CPU
		{6E6AD75A-6742-4860-8F97-279D59691879}.Debug|x64.Build.0 = Debug|Any CPU
		{6E6AD75A-6742-4860-8F97-279D59691879}.Debug|x86.ActiveCfg = Debug|Any CPU
		{6E6AD75A-6742-4860-8F97-279D59691879}.Debug|x86.Build.0 = Debug|Any CPU
		{6E6AD75A-6742-4860-8F97-279D59691879}.MobileApp|Android.ActiveCfg = MobileApp|Any CPU
		{6E6AD75A-6742-4860-8F97-279D59691879}.MobileApp|Android.Build.0 = MobileApp|Any CPU
		{6E6AD75A-6742-4860-8F97-279D59691879}.MobileApp|Any CPU.ActiveCfg = MobileApp|Any CPU
		{6E6AD75A-6742-4860-8F97-279D59691879}.MobileApp|Any CPU.Build.0 = MobileApp|Any CPU
		{6E6AD75A-6742-4860-8F97-279D59691879}.MobileApp|ARM.ActiveCfg = MobileApp|Any CPU
		{6E6AD75A-6742-4860-8F97-279D59691879}.MobileApp|ARM.Build.0 = MobileApp|Any CPU
		{6E6AD75A-6742-4860-8F97-279D59691879}.MobileApp|iOS.ActiveCfg = MobileApp|Any CPU
		{6E6AD75A-6742-4860-8F97-279D59691879}.MobileApp|iOS.Build.0 = MobileApp|Any CPU
		{6E6AD75A-6742-4860-8F97-279D59691879}.MobileApp|Windows Phone (Universal).ActiveCfg = MobileApp|Any CPU
		{6E6AD75A-6742-4860-8F97-279D59691879}.MobileApp|Windows Phone (Universal).Build.0 = MobileApp|Any CPU
		{6E6AD75A-6742-4860-8F97-279D59691879}.MobileApp|Windows Phone 8.ActiveCfg = MobileApp|Any CPU
		{6E6AD75A-6742-4860-8F97-279D59691879}.MobileApp|Windows Phone 8.Build.0 = MobileApp|Any CPU
		{6E6AD75A-6742-4860-8F97-279D59691879}.MobileApp|Windows-AnyCPU.ActiveCfg = MobileApp|Any CPU
		{6E6AD75A-6742-4860-8F97-279D59691879}.MobileApp|Windows-AnyCPU.Build.0 = MobileApp|Any CPU
		{6E6AD75A-6742-4860-8F97-279D59691879}.MobileApp|Windows-ARM.ActiveCfg = MobileApp|Any CPU
		{6E6AD75A-6742-4860-8F97-279D59691879}.MobileApp|Windows-ARM.Build.0 = MobileApp|Any CPU
		{6E6AD75A-6742-4860-8F97-279D59691879}.MobileApp|Windows-x64.ActiveCfg = MobileApp|Any CPU
		{6E6AD75A-6742-4860-8F97-279D59691879}.MobileApp|Windows-x64.Build.0 = MobileApp|Any CPU
		{6E6AD75A-6742-4860-8F97-279D59691879}.MobileApp|Windows-x86.ActiveCfg = MobileApp|Any CPU
		{6E6AD75A-6742-4860-8F97-279D59691879}.MobileApp|Windows-x86.Build.0 = MobileApp|Any CPU
		{6E6AD75A-6742-4860-8F97-279D59691879}.MobileApp|x64.ActiveCfg = MobileApp|Any CPU
		{6E6AD75A-6742-4860-8F97-279D59691879}.MobileApp|x64.Build.0 = MobileApp|Any CPU
		{6E6AD75A-6742-4860-8F97-279D59691879}.MobileApp|x86.ActiveCfg = MobileApp|Any CPU
		{6E6AD75A-6742-4860-8F97-279D59691879}.MobileApp|x86.Build.0 = MobileApp|Any CPU
		{6E6AD75A-6742-4860-8F97-279D59691879}.Release|Android.ActiveCfg = Release|Any CPU
		{6E6AD75A-6742-4860-8F97-279D59691879}.Release|Android.Build.0 = Release|Any CPU
		{6E6AD75A-6742-4860-8F97-279D59691879}.Release|Any CPU.ActiveCfg = Release|Any CPU
		{6E6AD75A-6742-4860-8F97-279D59691879}.Release|Any CPU.Build.0 = Release|Any CPU
		{6E6AD75A-6742-4860-8F97-279D59691879}.Release|ARM.ActiveCfg = Release|Any CPU
		{6E6AD75A-6742-4860-8F97-279D59691879}.Release|ARM.Build.0 = Release|Any CPU
		{6E6AD75A-6742-4860-8F97-279D59691879}.Release|iOS.ActiveCfg = Release|Any CPU
		{6E6AD75A-6742-4860-8F97-279D59691879}.Release|iOS.Build.0 = Release|Any CPU
		{6E6AD75A-6742-4860-8F97-279D59691879}.Release|Windows Phone (Universal).ActiveCfg = Release|Any CPU
		{6E6AD75A-6742-4860-8F97-279D59691879}.Release|Windows Phone (Universal).Build.0 = Release|Any CPU
		{6E6AD75A-6742-4860-8F97-279D59691879}.Release|Windows Phone 8.ActiveCfg = Release|Any CPU
		{6E6AD75A-6742-4860-8F97-279D59691879}.Release|Windows Phone 8.Build.0 = Release|Any CPU
		{6E6AD75A-6742-4860-8F97-279D59691879}.Release|Windows-AnyCPU.ActiveCfg = Release|Any CPU
		{6E6AD75A-6742-4860-8F97-279D59691879}.Release|Windows-AnyCPU.Build.0 = Release|Any CPU
		{6E6AD75A-6742-4860-8F97-279D59691879}.Release|Windows-ARM.ActiveCfg = Release|Any CPU
		{6E6AD75A-6742-4860-8F97-279D59691879}.Release|Windows-ARM.Build.0 = Release|Any CPU
		{6E6AD75A-6742-4860-8F97-279D59691879}.Release|Windows-x64.ActiveCfg = Release|Any CPU
		{6E6AD75A-6742-4860-8F97-279D59691879}.Release|Windows-x64.Build.0 = Release|Any CPU
		{6E6AD75A-6742-4860-8F97-279D59691879}.Release|Windows-x86.ActiveCfg = Release|Any CPU
		{6E6AD75A-6742-4860-8F97-279D59691879}.Release|Windows-x86.Build.0 = Release|Any CPU
		{6E6AD75A-6742-4860-8F97-279D59691879}.Release|x64.ActiveCfg = Release|Any CPU
		{6E6AD75A-6742-4860-8F97-279D59691879}.Release|x64.Build.0 = Release|Any CPU
		{6E6AD75A-6742-4860-8F97-279D59691879}.Release|x86.ActiveCfg = Release|Any CPU
		{6E6AD75A-6742-4860-8F97-279D59691879}.Release|x86.Build.0 = Release|Any CPU
		{7705E5B7-DC81-4756-B761-FD83EDC8C0F3}.API|Android.ActiveCfg = API|Any CPU
		{7705E5B7-DC81-4756-B761-FD83EDC8C0F3}.API|Android.Build.0 = API|Any CPU
		{7705E5B7-DC81-4756-B761-FD83EDC8C0F3}.API|Any CPU.ActiveCfg = API|Any CPU
		{7705E5B7-DC81-4756-B761-FD83EDC8C0F3}.API|Any CPU.Build.0 = API|Any CPU
		{7705E5B7-DC81-4756-B761-FD83EDC8C0F3}.API|ARM.ActiveCfg = API|Any CPU
		{7705E5B7-DC81-4756-B761-FD83EDC8C0F3}.API|ARM.Build.0 = API|Any CPU
		{7705E5B7-DC81-4756-B761-FD83EDC8C0F3}.API|iOS.ActiveCfg = API|Any CPU
		{7705E5B7-DC81-4756-B761-FD83EDC8C0F3}.API|iOS.Build.0 = API|Any CPU
		{7705E5B7-DC81-4756-B761-FD83EDC8C0F3}.API|Windows Phone (Universal).ActiveCfg = API|Any CPU
		{7705E5B7-DC81-4756-B761-FD83EDC8C0F3}.API|Windows Phone (Universal).Build.0 = API|Any CPU
		{7705E5B7-DC81-4756-B761-FD83EDC8C0F3}.API|Windows Phone 8.ActiveCfg = API|Any CPU
		{7705E5B7-DC81-4756-B761-FD83EDC8C0F3}.API|Windows Phone 8.Build.0 = API|Any CPU
		{7705E5B7-DC81-4756-B761-FD83EDC8C0F3}.API|Windows-AnyCPU.ActiveCfg = API|Any CPU
		{7705E5B7-DC81-4756-B761-FD83EDC8C0F3}.API|Windows-AnyCPU.Build.0 = API|Any CPU
		{7705E5B7-DC81-4756-B761-FD83EDC8C0F3}.API|Windows-ARM.ActiveCfg = API|Any CPU
		{7705E5B7-DC81-4756-B761-FD83EDC8C0F3}.API|Windows-ARM.Build.0 = API|Any CPU
		{7705E5B7-DC81-4756-B761-FD83EDC8C0F3}.API|Windows-x64.ActiveCfg = API|Any CPU
		{7705E5B7-DC81-4756-B761-FD83EDC8C0F3}.API|Windows-x64.Build.0 = API|Any CPU
		{7705E5B7-DC81-4756-B761-FD83EDC8C0F3}.API|Windows-x86.ActiveCfg = API|Any CPU
		{7705E5B7-DC81-4756-B761-FD83EDC8C0F3}.API|Windows-x86.Build.0 = API|Any CPU
		{7705E5B7-DC81-4756-B761-FD83EDC8C0F3}.API|x64.ActiveCfg = API|Any CPU
		{7705E5B7-DC81-4756-B761-FD83EDC8C0F3}.API|x64.Build.0 = API|Any CPU
		{7705E5B7-DC81-4756-B761-FD83EDC8C0F3}.API|x86.ActiveCfg = API|Any CPU
		{7705E5B7-DC81-4756-B761-FD83EDC8C0F3}.API|x86.Build.0 = API|Any CPU
		{7705E5B7-DC81-4756-B761-FD83EDC8C0F3}.Debug - Raspberry|Android.ActiveCfg = Debug - Raspberry|Any CPU
		{7705E5B7-DC81-4756-B761-FD83EDC8C0F3}.Debug - Raspberry|Android.Build.0 = Debug - Raspberry|Any CPU
		{7705E5B7-DC81-4756-B761-FD83EDC8C0F3}.Debug - Raspberry|Any CPU.ActiveCfg = Debug - Raspberry|Any CPU
		{7705E5B7-DC81-4756-B761-FD83EDC8C0F3}.Debug - Raspberry|Any CPU.Build.0 = Debug - Raspberry|Any CPU
		{7705E5B7-DC81-4756-B761-FD83EDC8C0F3}.Debug - Raspberry|ARM.ActiveCfg = Debug - Raspberry|Any CPU
		{7705E5B7-DC81-4756-B761-FD83EDC8C0F3}.Debug - Raspberry|ARM.Build.0 = Debug - Raspberry|Any CPU
		{7705E5B7-DC81-4756-B761-FD83EDC8C0F3}.Debug - Raspberry|iOS.ActiveCfg = Debug - Raspberry|Any CPU
		{7705E5B7-DC81-4756-B761-FD83EDC8C0F3}.Debug - Raspberry|iOS.Build.0 = Debug - Raspberry|Any CPU
		{7705E5B7-DC81-4756-B761-FD83EDC8C0F3}.Debug - Raspberry|Windows Phone (Universal).ActiveCfg = Debug - Raspberry|Any CPU
		{7705E5B7-DC81-4756-B761-FD83EDC8C0F3}.Debug - Raspberry|Windows Phone (Universal).Build.0 = Debug - Raspberry|Any CPU
		{7705E5B7-DC81-4756-B761-FD83EDC8C0F3}.Debug - Raspberry|Windows Phone 8.ActiveCfg = Debug - Raspberry|Any CPU
		{7705E5B7-DC81-4756-B761-FD83EDC8C0F3}.Debug - Raspberry|Windows Phone 8.Build.0 = Debug - Raspberry|Any CPU
		{7705E5B7-DC81-4756-B761-FD83EDC8C0F3}.Debug - Raspberry|Windows-AnyCPU.ActiveCfg = Debug - Raspberry|Any CPU
		{7705E5B7-DC81-4756-B761-FD83EDC8C0F3}.Debug - Raspberry|Windows-AnyCPU.Build.0 = Debug - Raspberry|Any CPU
		{7705E5B7-DC81-4756-B761-FD83EDC8C0F3}.Debug - Raspberry|Windows-ARM.ActiveCfg = Debug - Raspberry|Any CPU
		{7705E5B7-DC81-4756-B761-FD83EDC8C0F3}.Debug - Raspberry|Windows-ARM.Build.0 = Debug - Raspberry|Any CPU
		{7705E5B7-DC81-4756-B761-FD83EDC8C0F3}.Debug - Raspberry|Windows-x64.ActiveCfg = Debug - Raspberry|Any CPU
		{7705E5B7-DC81-4756-B761-FD83EDC8C0F3}.Debug - Raspberry|Windows-x64.Build.0 = Debug - Raspberry|Any CPU
		{7705E5B7-DC81-4756-B761-FD83EDC8C0F3}.Debug - Raspberry|Windows-x86.ActiveCfg = Debug - Raspberry|Any CPU
		{7705E5B7-DC81-4756-B761-FD83EDC8C0F3}.Debug - Raspberry|Windows-x86.Build.0 = Debug - Raspberry|Any CPU
		{7705E5B7-DC81-4756-B761-FD83EDC8C0F3}.Debug - Raspberry|x64.ActiveCfg = Debug - Raspberry|Any CPU
		{7705E5B7-DC81-4756-B761-FD83EDC8C0F3}.Debug - Raspberry|x64.Build.0 = Debug - Raspberry|Any CPU
		{7705E5B7-DC81-4756-B761-FD83EDC8C0F3}.Debug - Raspberry|x86.ActiveCfg = Debug - Raspberry|Any CPU
		{7705E5B7-DC81-4756-B761-FD83EDC8C0F3}.Debug - Raspberry|x86.Build.0 = Debug - Raspberry|Any CPU
		{7705E5B7-DC81-4756-B761-FD83EDC8C0F3}.Debug|Android.ActiveCfg = Debug|Any CPU
		{7705E5B7-DC81-4756-B761-FD83EDC8C0F3}.Debug|Android.Build.0 = Debug|Any CPU
		{7705E5B7-DC81-4756-B761-FD83EDC8C0F3}.Debug|Any CPU.ActiveCfg = Debug|Any CPU
		{7705E5B7-DC81-4756-B761-FD83EDC8C0F3}.Debug|Any CPU.Build.0 = Debug|Any CPU
		{7705E5B7-DC81-4756-B761-FD83EDC8C0F3}.Debug|ARM.ActiveCfg = Debug|Any CPU
		{7705E5B7-DC81-4756-B761-FD83EDC8C0F3}.Debug|ARM.Build.0 = Debug|Any CPU
		{7705E5B7-DC81-4756-B761-FD83EDC8C0F3}.Debug|iOS.ActiveCfg = Debug|Any CPU
		{7705E5B7-DC81-4756-B761-FD83EDC8C0F3}.Debug|iOS.Build.0 = Debug|Any CPU
		{7705E5B7-DC81-4756-B761-FD83EDC8C0F3}.Debug|Windows Phone (Universal).ActiveCfg = Debug|Any CPU
		{7705E5B7-DC81-4756-B761-FD83EDC8C0F3}.Debug|Windows Phone (Universal).Build.0 = Debug|Any CPU
		{7705E5B7-DC81-4756-B761-FD83EDC8C0F3}.Debug|Windows Phone 8.ActiveCfg = Debug|Any CPU
		{7705E5B7-DC81-4756-B761-FD83EDC8C0F3}.Debug|Windows Phone 8.Build.0 = Debug|Any CPU
		{7705E5B7-DC81-4756-B761-FD83EDC8C0F3}.Debug|Windows-AnyCPU.ActiveCfg = Debug|Any CPU
		{7705E5B7-DC81-4756-B761-FD83EDC8C0F3}.Debug|Windows-AnyCPU.Build.0 = Debug|Any CPU
		{7705E5B7-DC81-4756-B761-FD83EDC8C0F3}.Debug|Windows-ARM.ActiveCfg = Debug|Any CPU
		{7705E5B7-DC81-4756-B761-FD83EDC8C0F3}.Debug|Windows-ARM.Build.0 = Debug|Any CPU
		{7705E5B7-DC81-4756-B761-FD83EDC8C0F3}.Debug|Windows-x64.ActiveCfg = Debug|Any CPU
		{7705E5B7-DC81-4756-B761-FD83EDC8C0F3}.Debug|Windows-x64.Build.0 = Debug|Any CPU
		{7705E5B7-DC81-4756-B761-FD83EDC8C0F3}.Debug|Windows-x86.ActiveCfg = Debug|Any CPU
		{7705E5B7-DC81-4756-B761-FD83EDC8C0F3}.Debug|Windows-x86.Build.0 = Debug|Any CPU
		{7705E5B7-DC81-4756-B761-FD83EDC8C0F3}.Debug|x64.ActiveCfg = Debug|Any CPU
		{7705E5B7-DC81-4756-B761-FD83EDC8C0F3}.Debug|x64.Build.0 = Debug|Any CPU
		{7705E5B7-DC81-4756-B761-FD83EDC8C0F3}.Debug|x86.ActiveCfg = Debug|Any CPU
		{7705E5B7-DC81-4756-B761-FD83EDC8C0F3}.Debug|x86.Build.0 = Debug|Any CPU
		{7705E5B7-DC81-4756-B761-FD83EDC8C0F3}.MobileApp|Android.ActiveCfg = MobileApp|Any CPU
		{7705E5B7-DC81-4756-B761-FD83EDC8C0F3}.MobileApp|Android.Build.0 = MobileApp|Any CPU
		{7705E5B7-DC81-4756-B761-FD83EDC8C0F3}.MobileApp|Any CPU.ActiveCfg = MobileApp|Any CPU
		{7705E5B7-DC81-4756-B761-FD83EDC8C0F3}.MobileApp|Any CPU.Build.0 = MobileApp|Any CPU
		{7705E5B7-DC81-4756-B761-FD83EDC8C0F3}.MobileApp|ARM.ActiveCfg = MobileApp|Any CPU
		{7705E5B7-DC81-4756-B761-FD83EDC8C0F3}.MobileApp|ARM.Build.0 = MobileApp|Any CPU
		{7705E5B7-DC81-4756-B761-FD83EDC8C0F3}.MobileApp|iOS.ActiveCfg = MobileApp|Any CPU
		{7705E5B7-DC81-4756-B761-FD83EDC8C0F3}.MobileApp|iOS.Build.0 = MobileApp|Any CPU
		{7705E5B7-DC81-4756-B761-FD83EDC8C0F3}.MobileApp|Windows Phone (Universal).ActiveCfg = MobileApp|Any CPU
		{7705E5B7-DC81-4756-B761-FD83EDC8C0F3}.MobileApp|Windows Phone (Universal).Build.0 = MobileApp|Any CPU
		{7705E5B7-DC81-4756-B761-FD83EDC8C0F3}.MobileApp|Windows Phone 8.ActiveCfg = MobileApp|Any CPU
		{7705E5B7-DC81-4756-B761-FD83EDC8C0F3}.MobileApp|Windows Phone 8.Build.0 = MobileApp|Any CPU
		{7705E5B7-DC81-4756-B761-FD83EDC8C0F3}.MobileApp|Windows-AnyCPU.ActiveCfg = MobileApp|Any CPU
		{7705E5B7-DC81-4756-B761-FD83EDC8C0F3}.MobileApp|Windows-AnyCPU.Build.0 = MobileApp|Any CPU
		{7705E5B7-DC81-4756-B761-FD83EDC8C0F3}.MobileApp|Windows-ARM.ActiveCfg = MobileApp|Any CPU
		{7705E5B7-DC81-4756-B761-FD83EDC8C0F3}.MobileApp|Windows-ARM.Build.0 = MobileApp|Any CPU
		{7705E5B7-DC81-4756-B761-FD83EDC8C0F3}.MobileApp|Windows-x64.ActiveCfg = MobileApp|Any CPU
		{7705E5B7-DC81-4756-B761-FD83EDC8C0F3}.MobileApp|Windows-x64.Build.0 = MobileApp|Any CPU
		{7705E5B7-DC81-4756-B761-FD83EDC8C0F3}.MobileApp|Windows-x86.ActiveCfg = MobileApp|Any CPU
		{7705E5B7-DC81-4756-B761-FD83EDC8C0F3}.MobileApp|Windows-x86.Build.0 = MobileApp|Any CPU
		{7705E5B7-DC81-4756-B761-FD83EDC8C0F3}.MobileApp|x64.ActiveCfg = MobileApp|Any CPU
		{7705E5B7-DC81-4756-B761-FD83EDC8C0F3}.MobileApp|x64.Build.0 = MobileApp|Any CPU
		{7705E5B7-DC81-4756-B761-FD83EDC8C0F3}.MobileApp|x86.ActiveCfg = MobileApp|Any CPU
		{7705E5B7-DC81-4756-B761-FD83EDC8C0F3}.MobileApp|x86.Build.0 = MobileApp|Any CPU
		{7705E5B7-DC81-4756-B761-FD83EDC8C0F3}.Release|Android.ActiveCfg = Release|Any CPU
		{7705E5B7-DC81-4756-B761-FD83EDC8C0F3}.Release|Android.Build.0 = Release|Any CPU
		{7705E5B7-DC81-4756-B761-FD83EDC8C0F3}.Release|Any CPU.ActiveCfg = Release|Any CPU
		{7705E5B7-DC81-4756-B761-FD83EDC8C0F3}.Release|Any CPU.Build.0 = Release|Any CPU
		{7705E5B7-DC81-4756-B761-FD83EDC8C0F3}.Release|ARM.ActiveCfg = Release|Any CPU
		{7705E5B7-DC81-4756-B761-FD83EDC8C0F3}.Release|ARM.Build.0 = Release|Any CPU
		{7705E5B7-DC81-4756-B761-FD83EDC8C0F3}.Release|iOS.ActiveCfg = Release|Any CPU
		{7705E5B7-DC81-4756-B761-FD83EDC8C0F3}.Release|iOS.Build.0 = Release|Any CPU
		{7705E5B7-DC81-4756-B761-FD83EDC8C0F3}.Release|Windows Phone (Universal).ActiveCfg = Release|Any CPU
		{7705E5B7-DC81-4756-B761-FD83EDC8C0F3}.Release|Windows Phone (Universal).Build.0 = Release|Any CPU
		{7705E5B7-DC81-4756-B761-FD83EDC8C0F3}.Release|Windows Phone 8.ActiveCfg = Release|Any CPU
		{7705E5B7-DC81-4756-B761-FD83EDC8C0F3}.Release|Windows Phone 8.Build.0 = Release|Any CPU
		{7705E5B7-DC81-4756-B761-FD83EDC8C0F3}.Release|Windows-AnyCPU.ActiveCfg = Release|Any CPU
		{7705E5B7-DC81-4756-B761-FD83EDC8C0F3}.Release|Windows-AnyCPU.Build.0 = Release|Any CPU
		{7705E5B7-DC81-4756-B761-FD83EDC8C0F3}.Release|Windows-ARM.ActiveCfg = Release|Any CPU
		{7705E5B7-DC81-4756-B761-FD83EDC8C0F3}.Release|Windows-ARM.Build.0 = Release|Any CPU
		{7705E5B7-DC81-4756-B761-FD83EDC8C0F3}.Release|Windows-x64.ActiveCfg = Release|Any CPU
		{7705E5B7-DC81-4756-B761-FD83EDC8C0F3}.Release|Windows-x64.Build.0 = Release|Any CPU
		{7705E5B7-DC81-4756-B761-FD83EDC8C0F3}.Release|Windows-x86.ActiveCfg = Release|Any CPU
		{7705E5B7-DC81-4756-B761-FD83EDC8C0F3}.Release|Windows-x86.Build.0 = Release|Any CPU
		{7705E5B7-DC81-4756-B761-FD83EDC8C0F3}.Release|x64.ActiveCfg = Release|Any CPU
		{7705E5B7-DC81-4756-B761-FD83EDC8C0F3}.Release|x64.Build.0 = Release|Any CPU
		{7705E5B7-DC81-4756-B761-FD83EDC8C0F3}.Release|x86.ActiveCfg = Release|Any CPU
		{7705E5B7-DC81-4756-B761-FD83EDC8C0F3}.Release|x86.Build.0 = Release|Any CPU
		{1B9B16C2-7ACF-46BF-8AA8-3C0ECFA87676}.API|Android.ActiveCfg = API|Any CPU
		{1B9B16C2-7ACF-46BF-8AA8-3C0ECFA87676}.API|Android.Build.0 = API|Any CPU
		{1B9B16C2-7ACF-46BF-8AA8-3C0ECFA87676}.API|Any CPU.ActiveCfg = API|Any CPU
		{1B9B16C2-7ACF-46BF-8AA8-3C0ECFA87676}.API|Any CPU.Build.0 = API|Any CPU
		{1B9B16C2-7ACF-46BF-8AA8-3C0ECFA87676}.API|ARM.ActiveCfg = API|Any CPU
		{1B9B16C2-7ACF-46BF-8AA8-3C0ECFA87676}.API|ARM.Build.0 = API|Any CPU
		{1B9B16C2-7ACF-46BF-8AA8-3C0ECFA87676}.API|iOS.ActiveCfg = API|Any CPU
		{1B9B16C2-7ACF-46BF-8AA8-3C0ECFA87676}.API|iOS.Build.0 = API|Any CPU
		{1B9B16C2-7ACF-46BF-8AA8-3C0ECFA87676}.API|Windows Phone (Universal).ActiveCfg = API|Any CPU
		{1B9B16C2-7ACF-46BF-8AA8-3C0ECFA87676}.API|Windows Phone (Universal).Build.0 = API|Any CPU
		{1B9B16C2-7ACF-46BF-8AA8-3C0ECFA87676}.API|Windows Phone 8.ActiveCfg = API|Any CPU
		{1B9B16C2-7ACF-46BF-8AA8-3C0ECFA87676}.API|Windows Phone 8.Build.0 = API|Any CPU
		{1B9B16C2-7ACF-46BF-8AA8-3C0ECFA87676}.API|Windows-AnyCPU.ActiveCfg = API|Any CPU
		{1B9B16C2-7ACF-46BF-8AA8-3C0ECFA87676}.API|Windows-AnyCPU.Build.0 = API|Any CPU
		{1B9B16C2-7ACF-46BF-8AA8-3C0ECFA87676}.API|Windows-ARM.ActiveCfg = API|Any CPU
		{1B9B16C2-7ACF-46BF-8AA8-3C0ECFA87676}.API|Windows-ARM.Build.0 = API|Any CPU
		{1B9B16C2-7ACF-46BF-8AA8-3C0ECFA87676}.API|Windows-x64.ActiveCfg = API|Any CPU
		{1B9B16C2-7ACF-46BF-8AA8-3C0ECFA87676}.API|Windows-x64.Build.0 = API|Any CPU
		{1B9B16C2-7ACF-46BF-8AA8-3C0ECFA87676}.API|Windows-x86.ActiveCfg = API|Any CPU
		{1B9B16C2-7ACF-46BF-8AA8-3C0ECFA87676}.API|Windows-x86.Build.0 = API|Any CPU
		{1B9B16C2-7ACF-46BF-8AA8-3C0ECFA87676}.API|x64.ActiveCfg = API|Any CPU
		{1B9B16C2-7ACF-46BF-8AA8-3C0ECFA87676}.API|x64.Build.0 = API|Any CPU
		{1B9B16C2-7ACF-46BF-8AA8-3C0ECFA87676}.API|x86.ActiveCfg = API|Any CPU
		{1B9B16C2-7ACF-46BF-8AA8-3C0ECFA87676}.API|x86.Build.0 = API|Any CPU
		{1B9B16C2-7ACF-46BF-8AA8-3C0ECFA87676}.Debug - Raspberry|Android.ActiveCfg = Debug - Raspberry|Any CPU
		{1B9B16C2-7ACF-46BF-8AA8-3C0ECFA87676}.Debug - Raspberry|Android.Build.0 = Debug - Raspberry|Any CPU
		{1B9B16C2-7ACF-46BF-8AA8-3C0ECFA87676}.Debug - Raspberry|Any CPU.ActiveCfg = Debug - Raspberry|Any CPU
		{1B9B16C2-7ACF-46BF-8AA8-3C0ECFA87676}.Debug - Raspberry|Any CPU.Build.0 = Debug - Raspberry|Any CPU
		{1B9B16C2-7ACF-46BF-8AA8-3C0ECFA87676}.Debug - Raspberry|ARM.ActiveCfg = Debug - Raspberry|Any CPU
		{1B9B16C2-7ACF-46BF-8AA8-3C0ECFA87676}.Debug - Raspberry|ARM.Build.0 = Debug - Raspberry|Any CPU
		{1B9B16C2-7ACF-46BF-8AA8-3C0ECFA87676}.Debug - Raspberry|iOS.ActiveCfg = Debug - Raspberry|Any CPU
		{1B9B16C2-7ACF-46BF-8AA8-3C0ECFA87676}.Debug - Raspberry|iOS.Build.0 = Debug - Raspberry|Any CPU
		{1B9B16C2-7ACF-46BF-8AA8-3C0ECFA87676}.Debug - Raspberry|Windows Phone (Universal).ActiveCfg = Debug - Raspberry|Any CPU
		{1B9B16C2-7ACF-46BF-8AA8-3C0ECFA87676}.Debug - Raspberry|Windows Phone (Universal).Build.0 = Debug - Raspberry|Any CPU
		{1B9B16C2-7ACF-46BF-8AA8-3C0ECFA87676}.Debug - Raspberry|Windows Phone 8.ActiveCfg = Debug - Raspberry|Any CPU
		{1B9B16C2-7ACF-46BF-8AA8-3C0ECFA87676}.Debug - Raspberry|Windows Phone 8.Build.0 = Debug - Raspberry|Any CPU
		{1B9B16C2-7ACF-46BF-8AA8-3C0ECFA87676}.Debug - Raspberry|Windows-AnyCPU.ActiveCfg = Debug - Raspberry|Any CPU
		{1B9B16C2-7ACF-46BF-8AA8-3C0ECFA87676}.Debug - Raspberry|Windows-AnyCPU.Build.0 = Debug - Raspberry|Any CPU
		{1B9B16C2-7ACF-46BF-8AA8-3C0ECFA87676}.Debug - Raspberry|Windows-ARM.ActiveCfg = Debug - Raspberry|Any CPU
		{1B9B16C2-7ACF-46BF-8AA8-3C0ECFA87676}.Debug - Raspberry|Windows-ARM.Build.0 = Debug - Raspberry|Any CPU
		{1B9B16C2-7ACF-46BF-8AA8-3C0ECFA87676}.Debug - Raspberry|Windows-x64.ActiveCfg = Debug - Raspberry|Any CPU
		{1B9B16C2-7ACF-46BF-8AA8-3C0ECFA87676}.Debug - Raspberry|Windows-x64.Build.0 = Debug - Raspberry|Any CPU
		{1B9B16C2-7ACF-46BF-8AA8-3C0ECFA87676}.Debug - Raspberry|Windows-x86.ActiveCfg = Debug - Raspberry|Any CPU
		{1B9B16C2-7ACF-46BF-8AA8-3C0ECFA87676}.Debug - Raspberry|Windows-x86.Build.0 = Debug - Raspberry|Any CPU
		{1B9B16C2-7ACF-46BF-8AA8-3C0ECFA87676}.Debug - Raspberry|x64.ActiveCfg = Debug - Raspberry|Any CPU
		{1B9B16C2-7ACF-46BF-8AA8-3C0ECFA87676}.Debug - Raspberry|x64.Build.0 = Debug - Raspberry|Any CPU
		{1B9B16C2-7ACF-46BF-8AA8-3C0ECFA87676}.Debug - Raspberry|x86.ActiveCfg = Debug - Raspberry|Any CPU
		{1B9B16C2-7ACF-46BF-8AA8-3C0ECFA87676}.Debug - Raspberry|x86.Build.0 = Debug - Raspberry|Any CPU
		{1B9B16C2-7ACF-46BF-8AA8-3C0ECFA87676}.Debug|Android.ActiveCfg = Debug|Any CPU
		{1B9B16C2-7ACF-46BF-8AA8-3C0ECFA87676}.Debug|Android.Build.0 = Debug|Any CPU
		{1B9B16C2-7ACF-46BF-8AA8-3C0ECFA87676}.Debug|Any CPU.ActiveCfg = Debug|Any CPU
		{1B9B16C2-7ACF-46BF-8AA8-3C0ECFA87676}.Debug|Any CPU.Build.0 = Debug|Any CPU
		{1B9B16C2-7ACF-46BF-8AA8-3C0ECFA87676}.Debug|ARM.ActiveCfg = Debug|Any CPU
		{1B9B16C2-7ACF-46BF-8AA8-3C0ECFA87676}.Debug|ARM.Build.0 = Debug|Any CPU
		{1B9B16C2-7ACF-46BF-8AA8-3C0ECFA87676}.Debug|iOS.ActiveCfg = Debug|Any CPU
		{1B9B16C2-7ACF-46BF-8AA8-3C0ECFA87676}.Debug|iOS.Build.0 = Debug|Any CPU
		{1B9B16C2-7ACF-46BF-8AA8-3C0ECFA87676}.Debug|Windows Phone (Universal).ActiveCfg = Debug|Any CPU
		{1B9B16C2-7ACF-46BF-8AA8-3C0ECFA87676}.Debug|Windows Phone (Universal).Build.0 = Debug|Any CPU
		{1B9B16C2-7ACF-46BF-8AA8-3C0ECFA87676}.Debug|Windows Phone 8.ActiveCfg = Debug|Any CPU
		{1B9B16C2-7ACF-46BF-8AA8-3C0ECFA87676}.Debug|Windows Phone 8.Build.0 = Debug|Any CPU
		{1B9B16C2-7ACF-46BF-8AA8-3C0ECFA87676}.Debug|Windows-AnyCPU.ActiveCfg = Debug|Any CPU
		{1B9B16C2-7ACF-46BF-8AA8-3C0ECFA87676}.Debug|Windows-AnyCPU.Build.0 = Debug|Any CPU
		{1B9B16C2-7ACF-46BF-8AA8-3C0ECFA87676}.Debug|Windows-ARM.ActiveCfg = Debug|Any CPU
		{1B9B16C2-7ACF-46BF-8AA8-3C0ECFA87676}.Debug|Windows-ARM.Build.0 = Debug|Any CPU
		{1B9B16C2-7ACF-46BF-8AA8-3C0ECFA87676}.Debug|Windows-x64.ActiveCfg = Debug|Any CPU
		{1B9B16C2-7ACF-46BF-8AA8-3C0ECFA87676}.Debug|Windows-x64.Build.0 = Debug|Any CPU
		{1B9B16C2-7ACF-46BF-8AA8-3C0ECFA87676}.Debug|Windows-x86.ActiveCfg = Debug|Any CPU
		{1B9B16C2-7ACF-46BF-8AA8-3C0ECFA87676}.Debug|Windows-x86.Build.0 = Debug|Any CPU
		{1B9B16C2-7ACF-46BF-8AA8-3C0ECFA87676}.Debug|x64.ActiveCfg = Debug|Any CPU
		{1B9B16C2-7ACF-46BF-8AA8-3C0ECFA87676}.Debug|x64.Build.0 = Debug|Any CPU
		{1B9B16C2-7ACF-46BF-8AA8-3C0ECFA87676}.Debug|x86.ActiveCfg = Debug|Any CPU
		{1B9B16C2-7ACF-46BF-8AA8-3C0ECFA87676}.Debug|x86.Build.0 = Debug|Any CPU
		{1B9B16C2-7ACF-46BF-8AA8-3C0ECFA87676}.MobileApp|Android.ActiveCfg = MobileApp|Any CPU
		{1B9B16C2-7ACF-46BF-8AA8-3C0ECFA87676}.MobileApp|Android.Build.0 = MobileApp|Any CPU
		{1B9B16C2-7ACF-46BF-8AA8-3C0ECFA87676}.MobileApp|Any CPU.ActiveCfg = MobileApp|Any CPU
		{1B9B16C2-7ACF-46BF-8AA8-3C0ECFA87676}.MobileApp|Any CPU.Build.0 = MobileApp|Any CPU
		{1B9B16C2-7ACF-46BF-8AA8-3C0ECFA87676}.MobileApp|ARM.ActiveCfg = MobileApp|Any CPU
		{1B9B16C2-7ACF-46BF-8AA8-3C0ECFA87676}.MobileApp|ARM.Build.0 = MobileApp|Any CPU
		{1B9B16C2-7ACF-46BF-8AA8-3C0ECFA87676}.MobileApp|iOS.ActiveCfg = MobileApp|Any CPU
		{1B9B16C2-7ACF-46BF-8AA8-3C0ECFA87676}.MobileApp|iOS.Build.0 = MobileApp|Any CPU
		{1B9B16C2-7ACF-46BF-8AA8-3C0ECFA87676}.MobileApp|Windows Phone (Universal).ActiveCfg = MobileApp|Any CPU
		{1B9B16C2-7ACF-46BF-8AA8-3C0ECFA87676}.MobileApp|Windows Phone (Universal).Build.0 = MobileApp|Any CPU
		{1B9B16C2-7ACF-46BF-8AA8-3C0ECFA87676}.MobileApp|Windows Phone 8.ActiveCfg = MobileApp|Any CPU
		{1B9B16C2-7ACF-46BF-8AA8-3C0ECFA87676}.MobileApp|Windows Phone 8.Build.0 = MobileApp|Any CPU
		{1B9B16C2-7ACF-46BF-8AA8-3C0ECFA87676}.MobileApp|Windows-AnyCPU.ActiveCfg = MobileApp|Any CPU
		{1B9B16C2-7ACF-46BF-8AA8-3C0ECFA87676}.MobileApp|Windows-AnyCPU.Build.0 = MobileApp|Any CPU
		{1B9B16C2-7ACF-46BF-8AA8-3C0ECFA87676}.MobileApp|Windows-ARM.ActiveCfg = MobileApp|Any CPU
		{1B9B16C2-7ACF-46BF-8AA8-3C0ECFA87676}.MobileApp|Windows-ARM.Build.0 = MobileApp|Any CPU
		{1B9B16C2-7ACF-46BF-8AA8-3C0ECFA87676}.MobileApp|Windows-x64.ActiveCfg = MobileApp|Any CPU
		{1B9B16C2-7ACF-46BF-8AA8-3C0ECFA87676}.MobileApp|Windows-x64.Build.0 = MobileApp|Any CPU
		{1B9B16C2-7ACF-46BF-8AA8-3C0ECFA87676}.MobileApp|Windows-x86.ActiveCfg = MobileApp|Any CPU
		{1B9B16C2-7ACF-46BF-8AA8-3C0ECFA87676}.MobileApp|Windows-x86.Build.0 = MobileApp|Any CPU
		{1B9B16C2-7ACF-46BF-8AA8-3C0ECFA87676}.MobileApp|x64.ActiveCfg = MobileApp|Any CPU
		{1B9B16C2-7ACF-46BF-8AA8-3C0ECFA87676}.MobileApp|x64.Build.0 = MobileApp|Any CPU
		{1B9B16C2-7ACF-46BF-8AA8-3C0ECFA87676}.MobileApp|x86.ActiveCfg = MobileApp|Any CPU
		{1B9B16C2-7ACF-46BF-8AA8-3C0ECFA87676}.MobileApp|x86.Build.0 = MobileApp|Any CPU
		{1B9B16C2-7ACF-46BF-8AA8-3C0ECFA87676}.Release|Android.ActiveCfg = Release|Any CPU
		{1B9B16C2-7ACF-46BF-8AA8-3C0ECFA87676}.Release|Android.Build.0 = Release|Any CPU
		{1B9B16C2-7ACF-46BF-8AA8-3C0ECFA87676}.Release|Any CPU.ActiveCfg = Release|Any CPU
		{1B9B16C2-7ACF-46BF-8AA8-3C0ECFA87676}.Release|Any CPU.Build.0 = Release|Any CPU
		{1B9B16C2-7ACF-46BF-8AA8-3C0ECFA87676}.Release|ARM.ActiveCfg = Release|Any CPU
		{1B9B16C2-7ACF-46BF-8AA8-3C0ECFA87676}.Release|ARM.Build.0 = Release|Any CPU
		{1B9B16C2-7ACF-46BF-8AA8-3C0ECFA87676}.Release|iOS.ActiveCfg = Release|Any CPU
		{1B9B16C2-7ACF-46BF-8AA8-3C0ECFA87676}.Release|iOS.Build.0 = Release|Any CPU
		{1B9B16C2-7ACF-46BF-8AA8-3C0ECFA87676}.Release|Windows Phone (Universal).ActiveCfg = Release|Any CPU
		{1B9B16C2-7ACF-46BF-8AA8-3C0ECFA87676}.Release|Windows Phone (Universal).Build.0 = Release|Any CPU
		{1B9B16C2-7ACF-46BF-8AA8-3C0ECFA87676}.Release|Windows Phone 8.ActiveCfg = Release|Any CPU
		{1B9B16C2-7ACF-46BF-8AA8-3C0ECFA87676}.Release|Windows Phone 8.Build.0 = Release|Any CPU
		{1B9B16C2-7ACF-46BF-8AA8-3C0ECFA87676}.Release|Windows-AnyCPU.ActiveCfg = Release|Any CPU
		{1B9B16C2-7ACF-46BF-8AA8-3C0ECFA87676}.Release|Windows-AnyCPU.Build.0 = Release|Any CPU
		{1B9B16C2-7ACF-46BF-8AA8-3C0ECFA87676}.Release|Windows-ARM.ActiveCfg = Release|Any CPU
		{1B9B16C2-7ACF-46BF-8AA8-3C0ECFA87676}.Release|Windows-ARM.Build.0 = Release|Any CPU
		{1B9B16C2-7ACF-46BF-8AA8-3C0ECFA87676}.Release|Windows-x64.ActiveCfg = Release|Any CPU
		{1B9B16C2-7ACF-46BF-8AA8-3C0ECFA87676}.Release|Windows-x64.Build.0 = Release|Any CPU
		{1B9B16C2-7ACF-46BF-8AA8-3C0ECFA87676}.Release|Windows-x86.ActiveCfg = Release|Any CPU
		{1B9B16C2-7ACF-46BF-8AA8-3C0ECFA87676}.Release|Windows-x86.Build.0 = Release|Any CPU
		{1B9B16C2-7ACF-46BF-8AA8-3C0ECFA87676}.Release|x64.ActiveCfg = Release|Any CPU
		{1B9B16C2-7ACF-46BF-8AA8-3C0ECFA87676}.Release|x64.Build.0 = Release|Any CPU
		{1B9B16C2-7ACF-46BF-8AA8-3C0ECFA87676}.Release|x86.ActiveCfg = Release|Any CPU
		{1B9B16C2-7ACF-46BF-8AA8-3C0ECFA87676}.Release|x86.Build.0 = Release|Any CPU
	EndGlobalSection
	GlobalSection(SolutionProperties) = preSolution
		HideSolutionNode = FALSE
	EndGlobalSection
EndGlobal
