
Microsoft Visual Studio Solution File, Format Version 12.00
# Visual Studio 14
VisualStudioVersion = 14.0.25420.1
MinimumVisualStudioVersion = 10.0.40219.1
Project("{FAE04EC0-301F-11D3-BF4B-00C04F79EFBC}") = "Repsaj.Submerged.API.Infrastructure", "Repsaj.Submerged.API.Infrastructure\Repsaj.Submerged.API.Infrastructure.csproj", "{5B0420D2-1893-4391-9A9F-3FB13CFB236F}"
EndProject
Project("{FAE04EC0-301F-11D3-BF4B-00C04F79EFBC}") = "Repsaj.Submerged.API.WebAPI", "Repsaj.Submerged.API.WebAPI\Repsaj.Submerged.API.WebAPI.csproj", "{636FFAB9-D053-49A9-A974-6E9403746749}"
EndProject
Project("{FAE04EC0-301F-11D3-BF4B-00C04F79EFBC}") = "Repsaj.Submerged.API.Tests", "Repsaj.Submerged.API.Tests\Repsaj.Submerged.API.Tests.csproj", "{6E6AD75A-6742-4860-8F97-279D59691879}"
EndProject
Project("{FAE04EC0-301F-11D3-BF4B-00C04F79EFBC}") = "Repsaj.Submerged.API.Common", "Repsaj.Submerged.API.Common\Repsaj.Submerged.API.Common.csproj", "{7705E5B7-DC81-4756-B761-FD83EDC8C0F3}"
EndProject
Project("{FAE04EC0-301F-11D3-BF4B-00C04F79EFBC}") = "Repsaj.Submerged.API.SimulatedDevice", "Repsaj.Submerged.API.SimulatedDevice\Repsaj.Submerged.API.SimulatedDevice.csproj", "{1B9B16C2-7ACF-46BF-8AA8-3C0ECFA87676}"
EndProject
Global
	GlobalSection(SolutionConfigurationPlatforms) = preSolution
		Debug|Any CPU = Debug|Any CPU
		Debug|x64 = Debug|x64
		Debug|x86 = Debug|x86
		Release|Any CPU = Release|Any CPU
		Release|x64 = Release|x64
		Release|x86 = Release|x86
	EndGlobalSection
	GlobalSection(ProjectConfigurationPlatforms) = postSolution
		{5B0420D2-1893-4391-9A9F-3FB13CFB236F}.Debug|Any CPU.ActiveCfg = Debug|Any CPU
		{5B0420D2-1893-4391-9A9F-3FB13CFB236F}.Debug|Any CPU.Build.0 = Debug|Any CPU
		{5B0420D2-1893-4391-9A9F-3FB13CFB236F}.Debug|x64.ActiveCfg = Debug|Any CPU
		{5B0420D2-1893-4391-9A9F-3FB13CFB236F}.Debug|x64.Build.0 = Debug|Any CPU
		{5B0420D2-1893-4391-9A9F-3FB13CFB236F}.Debug|x86.ActiveCfg = Debug|Any CPU
		{5B0420D2-1893-4391-9A9F-3FB13CFB236F}.Debug|x86.Build.0 = Debug|Any CPU
		{5B0420D2-1893-4391-9A9F-3FB13CFB236F}.Release|Any CPU.ActiveCfg = Release|Any CPU
		{5B0420D2-1893-4391-9A9F-3FB13CFB236F}.Release|Any CPU.Build.0 = Release|Any CPU
		{5B0420D2-1893-4391-9A9F-3FB13CFB236F}.Release|x64.ActiveCfg = Release|Any CPU
		{5B0420D2-1893-4391-9A9F-3FB13CFB236F}.Release|x64.Build.0 = Release|Any CPU
		{5B0420D2-1893-4391-9A9F-3FB13CFB236F}.Release|x86.ActiveCfg = Release|Any CPU
		{5B0420D2-1893-4391-9A9F-3FB13CFB236F}.Release|x86.Build.0 = Release|Any CPU
		{636FFAB9-D053-49A9-A974-6E9403746749}.Debug|Any CPU.ActiveCfg = Debug|Any CPU
		{636FFAB9-D053-49A9-A974-6E9403746749}.Debug|Any CPU.Build.0 = Debug|Any CPU
		{636FFAB9-D053-49A9-A974-6E9403746749}.Debug|x64.ActiveCfg = Debug|Any CPU
		{636FFAB9-D053-49A9-A974-6E9403746749}.Debug|x64.Build.0 = Debug|Any CPU
		{636FFAB9-D053-49A9-A974-6E9403746749}.Debug|x86.ActiveCfg = Debug|Any CPU
		{636FFAB9-D053-49A9-A974-6E9403746749}.Debug|x86.Build.0 = Debug|Any CPU
		{636FFAB9-D053-49A9-A974-6E9403746749}.Release|Any CPU.ActiveCfg = Release|Any CPU
		{636FFAB9-D053-49A9-A974-6E9403746749}.Release|Any CPU.Build.0 = Release|Any CPU
		{636FFAB9-D053-49A9-A974-6E9403746749}.Release|x64.ActiveCfg = Release|Any CPU
		{636FFAB9-D053-49A9-A974-6E9403746749}.Release|x64.Build.0 = Release|Any CPU
		{636FFAB9-D053-49A9-A974-6E9403746749}.Release|x86.ActiveCfg = Release|Any CPU
		{636FFAB9-D053-49A9-A974-6E9403746749}.Release|x86.Build.0 = Release|Any CPU
		{6E6AD75A-6742-4860-8F97-279D59691879}.Debug|Any CPU.ActiveCfg = Debug|Any CPU
		{6E6AD75A-6742-4860-8F97-279D59691879}.Debug|Any CPU.Build.0 = Debug|Any CPU
		{6E6AD75A-6742-4860-8F97-279D59691879}.Debug|x64.ActiveCfg = Debug|Any CPU
		{6E6AD75A-6742-4860-8F97-279D59691879}.Debug|x64.Build.0 = Debug|Any CPU
		{6E6AD75A-6742-4860-8F97-279D59691879}.Debug|x86.ActiveCfg = Debug|Any CPU
		{6E6AD75A-6742-4860-8F97-279D59691879}.Debug|x86.Build.0 = Debug|Any CPU
		{6E6AD75A-6742-4860-8F97-279D59691879}.Release|Any CPU.ActiveCfg = Release|Any CPU
		{6E6AD75A-6742-4860-8F97-279D59691879}.Release|Any CPU.Build.0 = Release|Any CPU
		{6E6AD75A-6742-4860-8F97-279D59691879}.Release|x64.ActiveCfg = Release|Any CPU
		{6E6AD75A-6742-4860-8F97-279D59691879}.Release|x64.Build.0 = Release|Any CPU
		{6E6AD75A-6742-4860-8F97-279D59691879}.Release|x86.ActiveCfg = Release|Any CPU
		{6E6AD75A-6742-4860-8F97-279D59691879}.Release|x86.Build.0 = Release|Any CPU
		{7705E5B7-DC81-4756-B761-FD83EDC8C0F3}.Debug|Any CPU.ActiveCfg = Debug|Any CPU
		{7705E5B7-DC81-4756-B761-FD83EDC8C0F3}.Debug|Any CPU.Build.0 = Debug|Any CPU
		{7705E5B7-DC81-4756-B761-FD83EDC8C0F3}.Debug|x64.ActiveCfg = Debug|Any CPU
		{7705E5B7-DC81-4756-B761-FD83EDC8C0F3}.Debug|x64.Build.0 = Debug|Any CPU
		{7705E5B7-DC81-4756-B761-FD83EDC8C0F3}.Debug|x86.ActiveCfg = Debug|Any CPU
		{7705E5B7-DC81-4756-B761-FD83EDC8C0F3}.Debug|x86.Build.0 = Debug|Any CPU
		{7705E5B7-DC81-4756-B761-FD83EDC8C0F3}.Release|Any CPU.ActiveCfg = Release|Any CPU
		{7705E5B7-DC81-4756-B761-FD83EDC8C0F3}.Release|Any CPU.Build.0 = Release|Any CPU
		{7705E5B7-DC81-4756-B761-FD83EDC8C0F3}.Release|x64.ActiveCfg = Release|Any CPU
		{7705E5B7-DC81-4756-B761-FD83EDC8C0F3}.Release|x64.Build.0 = Release|Any CPU
		{7705E5B7-DC81-4756-B761-FD83EDC8C0F3}.Release|x86.ActiveCfg = Release|Any CPU
		{7705E5B7-DC81-4756-B761-FD83EDC8C0F3}.Release|x86.Build.0 = Release|Any CPU
		{1B9B16C2-7ACF-46BF-8AA8-3C0ECFA87676}.Debug|Any CPU.ActiveCfg = Debug|Any CPU
		{1B9B16C2-7ACF-46BF-8AA8-3C0ECFA87676}.Debug|Any CPU.Build.0 = Debug|Any CPU
		{1B9B16C2-7ACF-46BF-8AA8-3C0ECFA87676}.Debug|x64.ActiveCfg = Debug|Any CPU
		{1B9B16C2-7ACF-46BF-8AA8-3C0ECFA87676}.Debug|x64.Build.0 = Debug|Any CPU
		{1B9B16C2-7ACF-46BF-8AA8-3C0ECFA87676}.Debug|x86.ActiveCfg = Debug|Any CPU
		{1B9B16C2-7ACF-46BF-8AA8-3C0ECFA87676}.Debug|x86.Build.0 = Debug|Any CPU
		{1B9B16C2-7ACF-46BF-8AA8-3C0ECFA87676}.Release|Any CPU.ActiveCfg = Release|Any CPU
		{1B9B16C2-7ACF-46BF-8AA8-3C0ECFA87676}.Release|Any CPU.Build.0 = Release|Any CPU
		{1B9B16C2-7ACF-46BF-8AA8-3C0ECFA87676}.Release|x64.ActiveCfg = Release|Any CPU
		{1B9B16C2-7ACF-46BF-8AA8-3C0ECFA87676}.Release|x64.Build.0 = Release|Any CPU
		{1B9B16C2-7ACF-46BF-8AA8-3C0ECFA87676}.Release|x86.ActiveCfg = Release|Any CPU
		{1B9B16C2-7ACF-46BF-8AA8-3C0ECFA87676}.Release|x86.Build.0 = Release|Any CPU
	EndGlobalSection
	GlobalSection(SolutionProperties) = preSolution
		HideSolutionNode = FALSE
	EndGlobalSection
EndGlobal
